<?xml version="1.0" encoding="utf-8"?>
<Project ToolsVersion="4.0" xmlns="http://schemas.microsoft.com/developer/msbuild/2003">
  <ItemGroup>
    <Filter Include="소스 파일">
      <UniqueIdentifier>{C88EC136-2866-4501-94A7-E3C3331BDD93}</UniqueIdentifier>
      <Extensions>cpp;c;cxx;def;odl;idl;hpj;bat;asm;asmx</Extensions>
    </Filter>
    <Filter Include="헤더 파일">
      <UniqueIdentifier>{40904D8C-31B1-4B9E-A029-14F2B88CA9A6}</UniqueIdentifier>
      <Extensions>h;hpp;hxx;hm;inl;inc;xsd</Extensions>
    </Filter>
    <Filter Include="리소스 파일">
      <UniqueIdentifier>{7737B493-A1AC-44EA-9412-921964A84891}</UniqueIdentifier>
      <Extensions>rc;ico;cur;bmp;dlg;rc2;rct;bin;rgs;gif;jpg;jpeg;jpe;resx</Extensions>
    </Filter>
  </ItemGroup>
  <ItemGroup>
    <ClCompile Include="..\..\dz1_vfs_test.c">
      <Filter>소스 파일</Filter>
    </ClCompile>
    <ClCompile Include="..\..\dz1_vfs_test_codec.c">
      <Filter>소스 파일</Filter>
    </ClCompile>
    <ClCompile Include="..\..\dz1_vfs_test_tags.c">
      <Filter>소스 파일</Filter>
    </ClCompile>
  </ItemGroup>
  <ItemGroup>
    <ClInclude Include="..\..\dz1_vfs_test_codec.h">
      <Filter>소스 파일</Filter>
    </ClInclude>
    <ClInclude Include="..\..\dz1_vfs_test_tags.h">
      <Filter>소스 파일</Filter>
    </ClInclude>
  </ItemGroup>
</Project>