<?xml version="1.0" encoding="utf-8"?>
<Project ToolsVersion="4.0" xmlns="http://schemas.microsoft.com/developer/msbuild/2003">
  <ItemGroup>
    <Filter Include="소스 파일">
      <UniqueIdentifier>{3493ED75-FD42-4C58-BE36-686D08A0C5D9}</UniqueIdentifier>
      <Extensions>cpp;c;cxx;def;odl;idl;hpj;bat;asm;asmx</Extensions>
    </Filter>
    <Filter Include="헤더 파일">
      <UniqueIdentifier>{BB35C53C-957C-476B-9111-4426A7ABE174}</UniqueIdentifier>
      <Extensions>h;hpp;hxx;hm;inl;inc;xsd</Extensions>
    </Filter>
    <Filter Include="리소스 파일">
      <UniqueIdentifier>{7F2E41C9-4301-407D-8880-9A803FC1E98A}</UniqueIdentifier>
      <Extensions>rc;ico;cur;bmp;dlg;rc2;rct;bin;rgs;gif;jpg;jpeg;jpe;resx</Extensions>
    </Filter>
  </ItemGroup>
  <ItemGroup>
    <ClCompile Include="..\..\generator.c">
      <Filter>소스 파일</Filter>
    </ClCompile>
    <ClCompile Include="..\..\ItsIso14827Test.c">
      <Filter>소스 파일</Filter>
    </ClCompile>
    <ClCompile Include="..\..\ItsIso14827Test_client.c">
      <Filter>소스 파일</Filter>
    </ClCompile>
    <ClCompile Include="..\..\ItsIso14827Test_msg.c">
      <Filter>소스 파일</Filter>
    </ClCompile>
    <ClCompile Include="..\..\ItsIso14827Test_server.c">
      <Filter>소스 파일</Filter>
    </ClCompile>
    <ClCompile Include="..\..\ItsIso14827TestEam.c">
      <Filter>소스 파일</Filter>
    </ClCompile>
  </ItemGroup>
  <ItemGroup>
    <ClInclude Include="..\..\generator.h">
      <Filter>소스 파일</Filter>
    </ClInclude>
    <ClInclude Include="..\..\ItsIso14827Test.h">
      <Filter>소스 파일</Filter>
    </ClInclude>
    <ClInclude Include="..\..\ItsIso14827Test_msg.h">
      <Filter>소스 파일</Filter>
    </ClInclude>
    <ClInclude Include="..\..\ItsIso14827TestEam.h">
      <Filter>소스 파일</Filter>
    </ClInclude>
  </ItemGroup>
  <ItemGroup>
    <None Include="..\..\ItsIso14827TestEam.asn">
      <Filter>리소스 파일</Filter>
    </None>
  </ItemGroup>
</Project>