Microsoft Visual Studio Solution File, Format Version 12.00
# Visual Studio Version 17
VisualStudioVersion = 17.2.32630.192
MinimumVisualStudioVersion = 10.0.40219.1
Project("{2150E333-8FDC-42A3-9474-1A3956D46DE8}") = "License", "License", "{DF6408B0-8A48-4957-BDD4-10C3A616A2BE}"
EndProject
Project("{2150E333-8FDC-42A3-9474-1A3956D46DE8}") = "Foundations", "Foundations", "{95E10F2A-F4AB-4DC7-A92F-8B3379D9A332}"
EndProject
Project("{8BC9CEB8-8B4A-11D0-8D11-00A0C91BC942}") = "ItsIso14827", "ItsIso14827.vcxproj", "{93C1572C-8B8C-4B57-BA32-0992110D823C}"
EndProject
Project("{8BC9CEB8-8B4A-11D0-8D11-00A0C91BC942}") = "ItsIso14827Test", "ItsIso14827Test.vcxproj", "{485AA1F7-4D34-48E8-9F21-B3F03A90B7BD}"
	ProjectSection(ProjectDependencies) = postProject
		{93C1572C-8B8C-4B57-BA32-0992110D823C} = {93C1572C-8B8C-4B57-BA32-0992110D823C}
		{3F968544-3D37-446C-967C-B9426F0F527A} = {3F968544-3D37-446C-967C-B9426F0F527A}
		{78EDEE71-C212-4C81-9AFF-02F055137471} = {78EDEE71-C212-4C81-9AFF-02F055137471}
		{B6B94C84-1937-4698-AD5B-C874256DD328} = {B6B94C84-1937-4698-AD5B-C874256DD328}
		{1078A2CA-86AA-4611-862C-BBAE31164914} = {1078A2CA-86AA-4611-862C-BBAE31164914}
		{9B4AB3EF-8C73-4BBF-8176-9E00AC6FCCC3} = {9B4AB3EF-8C73-4BBF-8176-9E00AC6FCCC3}
	EndProjectSection
EndProject
Project("{8BC9CEB8-8B4A-11D0-8D11-00A0C91BC942}") = "codeconv", "..\..\..\codeconv\project\vs2022\codeconv.vcxproj", "{9B4AB3EF-8C73-4BBF-8176-9E00AC6FCCC3}"
EndProject
Project("{8BC9CEB8-8B4A-11D0-8D11-00A0C91BC942}") = "pthread", "..\..\..\pthreads.2\project\vs2022\pthread.vcxproj", "{3F968544-3D37-446C-967C-B9426F0F527A}"
EndProject
Project("{8BC9CEB8-8B4A-11D0-8D11-00A0C91BC942}") = "dz1", "..\..\..\dimz\dz1\project\vs2022\dz1.vcxproj", "{78EDEE71-C212-4C81-9AFF-02F055137471}"
EndProject
Project("{8BC9CEB8-8B4A-11D0-8D11-00A0C91BC942}") = "Iso14827dz1", "..\..\..\Iso14827dz1\project\vs2022\Iso14827dz1.vcxproj", "{FFCBF51B-46F6-48B1-94E2-BCD8BBF4852A}"
EndProject
Project("{8BC9CEB8-8B4A-11D0-8D11-00A0C91BC942}") = "Iso14827NewAsn", "..\..\..\Iso14827NewAsn\project\vs2022\Iso14827NewAsn.vcxproj", "{03C44CD2-D737-498A-B89C-A1D79E36E35A}"
EndProject
Project("{8BC9CEB8-8B4A-11D0-8D11-00A0C91BC942}") = "dz1_gasn_support", "..\..\..\dimz\dz1_tools\dz1_gasn_support\project\vs2022\dz1_gasn_support.vcxproj", "{1078A2CA-86AA-4611-862C-BBAE31164914}"
EndProject
Project("{8BC9CEB8-8B4A-11D0-8D11-00A0C91BC942}") = "ASN.1.GITSN.LIB2", "..\..\..\ASN.1.GITSN.LIB2\project\vs2022\ASN.1.GITSN.LIB2.vcxproj", "{B6B94C84-1937-4698-AD5B-C874256DD328}"
EndProject
Project("{8BC9CEB8-8B4A-11D0-8D11-00A0C91BC942}") = "dz1_sock_util", "..\..\..\dimz\dz1_tools\dz1_sock_util\project\vs2022\dz1_sock_util.vcxproj", "{037962C4-CC05-4373-98D3-17770D8C0F37}"
EndProject
Project("{8BC9CEB8-8B4A-11D0-8D11-00A0C91BC942}") = "GitsnLicenseChkFree", "..\..\..\GitsnLicenseChkFree\project\vs2022\GitsnLicenseChkFree.vcxproj", "{417330F1-8CEB-4A5B-9DA8-009DC5D41D8A}"
EndProject
Global
	GlobalSection(SolutionConfigurationPlatforms) = preSolution
		Debug|Win32 = Debug|Win32
		Debug|x64 = Debug|x64
		DebugDLL|Win32 = DebugDLL|Win32
		DebugDLL|x64 = DebugDLL|x64
		Release|Win32 = Release|Win32
		Release|x64 = Release|x64
		ReleaseDLL|Win32 = ReleaseDLL|Win32
		ReleaseDLL|x64 = ReleaseDLL|x64
	EndGlobalSection
	GlobalSection(ProjectConfigurationPlatforms) = postSolution
		{93C1572C-8B8C-4B57-BA32-0992110D823C}.Debug|Win32.ActiveCfg = Debug|Win32
		{93C1572C-8B8C-4B57-BA32-0992110D823C}.Debug|Win32.Build.0 = Debug|Win32
		{93C1572C-8B8C-4B57-BA32-0992110D823C}.Debug|x64.ActiveCfg = Debug|x64
		{93C1572C-8B8C-4B57-BA32-0992110D823C}.Debug|x64.Build.0 = Debug|x64
		{93C1572C-8B8C-4B57-BA32-0992110D823C}.DebugDLL|Win32.ActiveCfg = DebugDLL|Win32
		{93C1572C-8B8C-4B57-BA32-0992110D823C}.DebugDLL|Win32.Build.0 = DebugDLL|Win32
		{93C1572C-8B8C-4B57-BA32-0992110D823C}.DebugDLL|x64.ActiveCfg = DebugDLL|x64
		{93C1572C-8B8C-4B57-BA32-0992110D823C}.DebugDLL|x64.Build.0 = DebugDLL|x64
		{93C1572C-8B8C-4B57-BA32-0992110D823C}.Release|Win32.ActiveCfg = Release|Win32
		{93C1572C-8B8C-4B57-BA32-0992110D823C}.Release|Win32.Build.0 = Release|Win32
		{93C1572C-8B8C-4B57-BA32-0992110D823C}.Release|x64.ActiveCfg = Release|x64
		{93C1572C-8B8C-4B57-BA32-0992110D823C}.Release|x64.Build.0 = Release|x64
		{93C1572C-8B8C-4B57-BA32-0992110D823C}.ReleaseDLL|Win32.ActiveCfg = ReleaseDLL|Win32
		{93C1572C-8B8C-4B57-BA32-0992110D823C}.ReleaseDLL|Win32.Build.0 = ReleaseDLL|Win32
		{93C1572C-8B8C-4B57-BA32-0992110D823C}.ReleaseDLL|x64.ActiveCfg = ReleaseDLL|x64
		{93C1572C-8B8C-4B57-BA32-0992110D823C}.ReleaseDLL|x64.Build.0 = ReleaseDLL|x64
		{485AA1F7-4D34-48E8-9F21-B3F03A90B7BD}.Debug|Win32.ActiveCfg = Debug|Win32
		{485AA1F7-4D34-48E8-9F21-B3F03A90B7BD}.Debug|Win32.Build.0 = Debug|Win32
		{485AA1F7-4D34-48E8-9F21-B3F03A90B7BD}.Debug|x64.ActiveCfg = Debug|x64
		{485AA1F7-4D34-48E8-9F21-B3F03A90B7BD}.Debug|x64.Build.0 = Debug|x64
		{485AA1F7-4D34-48E8-9F21-B3F03A90B7BD}.DebugDLL|Win32.ActiveCfg = Debug|Win32
		{485AA1F7-4D34-48E8-9F21-B3F03A90B7BD}.DebugDLL|x64.ActiveCfg = Debug|x64
		{485AA1F7-4D34-48E8-9F21-B3F03A90B7BD}.Release|Win32.ActiveCfg = Release|Win32
		{485AA1F7-4D34-48E8-9F21-B3F03A90B7BD}.Release|Win32.Build.0 = Release|Win32
		{485AA1F7-4D34-48E8-9F21-B3F03A90B7BD}.Release|x64.ActiveCfg = Release|x64
		{485AA1F7-4D34-48E8-9F21-B3F03A90B7BD}.Release|x64.Build.0 = Release|x64
		{485AA1F7-4D34-48E8-9F21-B3F03A90B7BD}.ReleaseDLL|Win32.ActiveCfg = Release|Win32
		{485AA1F7-4D34-48E8-9F21-B3F03A90B7BD}.ReleaseDLL|x64.ActiveCfg = Release|x64
		{9B4AB3EF-8C73-4BBF-8176-9E00AC6FCCC3}.Debug|Win32.ActiveCfg = Debug|Win32
		{9B4AB3EF-8C73-4BBF-8176-9E00AC6FCCC3}.Debug|Win32.Build.0 = Debug|Win32
		{9B4AB3EF-8C73-4BBF-8176-9E00AC6FCCC3}.Debug|x64.ActiveCfg = Debug|x64
		{9B4AB3EF-8C73-4BBF-8176-9E00AC6FCCC3}.Debug|x64.Build.0 = Debug|x64
		{9B4AB3EF-8C73-4BBF-8176-9E00AC6FCCC3}.DebugDLL|Win32.ActiveCfg = DebugDLL|Win32
		{9B4AB3EF-8C73-4BBF-8176-9E00AC6FCCC3}.DebugDLL|Win32.Build.0 = DebugDLL|Win32
		{9B4AB3EF-8C73-4BBF-8176-9E00AC6FCCC3}.DebugDLL|x64.ActiveCfg = DebugDLL|x64
		{9B4AB3EF-8C73-4BBF-8176-9E00AC6FCCC3}.DebugDLL|x64.Build.0 = DebugDLL|x64
		{9B4AB3EF-8C73-4BBF-8176-9E00AC6FCCC3}.Release|Win32.ActiveCfg = Release|Win32
		{9B4AB3EF-8C73-4BBF-8176-9E00AC6FCCC3}.Release|Win32.Build.0 = Release|Win32
		{9B4AB3EF-8C73-4BBF-8176-9E00AC6FCCC3}.Release|x64.ActiveCfg = Release|x64
		{9B4AB3EF-8C73-4BBF-8176-9E00AC6FCCC3}.Release|x64.Build.0 = Release|x64
		{9B4AB3EF-8C73-4BBF-8176-9E00AC6FCCC3}.ReleaseDLL|Win32.ActiveCfg = ReleaseDLL|Win32
		{9B4AB3EF-8C73-4BBF-8176-9E00AC6FCCC3}.ReleaseDLL|Win32.Build.0 = ReleaseDLL|Win32
		{9B4AB3EF-8C73-4BBF-8176-9E00AC6FCCC3}.ReleaseDLL|x64.ActiveCfg = ReleaseDLL|x64
		{9B4AB3EF-8C73-4BBF-8176-9E00AC6FCCC3}.ReleaseDLL|x64.Build.0 = ReleaseDLL|x64
		{3F968544-3D37-446C-967C-B9426F0F527A}.Debug|Win32.ActiveCfg = Debug|Win32
		{3F968544-3D37-446C-967C-B9426F0F527A}.Debug|Win32.Build.0 = Debug|Win32
		{3F968544-3D37-446C-967C-B9426F0F527A}.Debug|x64.ActiveCfg = Debug|x64
		{3F968544-3D37-446C-967C-B9426F0F527A}.Debug|x64.Build.0 = Debug|x64
		{3F968544-3D37-446C-967C-B9426F0F527A}.DebugDLL|Win32.ActiveCfg = DebugDLL|Win32
		{3F968544-3D37-446C-967C-B9426F0F527A}.DebugDLL|Win32.Build.0 = DebugDLL|Win32
		{3F968544-3D37-446C-967C-B9426F0F527A}.DebugDLL|x64.ActiveCfg = DebugDLL|x64
		{3F968544-3D37-446C-967C-B9426F0F527A}.DebugDLL|x64.Build.0 = DebugDLL|x64
		{3F968544-3D37-446C-967C-B9426F0F527A}.Release|Win32.ActiveCfg = Release|Win32
		{3F968544-3D37-446C-967C-B9426F0F527A}.Release|Win32.Build.0 = Release|Win32
		{3F968544-3D37-446C-967C-B9426F0F527A}.Release|x64.ActiveCfg = Release|x64
		{3F968544-3D37-446C-967C-B9426F0F527A}.Release|x64.Build.0 = Release|x64
		{3F968544-3D37-446C-967C-B9426F0F527A}.ReleaseDLL|Win32.ActiveCfg = ReleaseDLL|Win32
		{3F968544-3D37-446C-967C-B9426F0F527A}.ReleaseDLL|Win32.Build.0 = ReleaseDLL|Win32
		{3F968544-3D37-446C-967C-B9426F0F527A}.ReleaseDLL|x64.ActiveCfg = ReleaseDLL|x64
		{3F968544-3D37-446C-967C-B9426F0F527A}.ReleaseDLL|x64.Build.0 = ReleaseDLL|x64
		{78EDEE71-C212-4C81-9AFF-02F055137471}.Debug|Win32.ActiveCfg = Debug|Win32
		{78EDEE71-C212-4C81-9AFF-02F055137471}.Debug|Win32.Build.0 = Debug|Win32
		{78EDEE71-C212-4C81-9AFF-02F055137471}.Debug|x64.ActiveCfg = Debug|x64
		{78EDEE71-C212-4C81-9AFF-02F055137471}.Debug|x64.Build.0 = Debug|x64
		{78EDEE71-C212-4C81-9AFF-02F055137471}.DebugDLL|Win32.ActiveCfg = DebugDLL|Win32
		{78EDEE71-C212-4C81-9AFF-02F055137471}.DebugDLL|Win32.Build.0 = DebugDLL|Win32
		{78EDEE71-C212-4C81-9AFF-02F055137471}.DebugDLL|x64.ActiveCfg = DebugDLL|x64
		{78EDEE71-C212-4C81-9AFF-02F055137471}.DebugDLL|x64.Build.0 = DebugDLL|x64
		{78EDEE71-C212-4C81-9AFF-02F055137471}.Release|Win32.ActiveCfg = Release|Win32
		{78EDEE71-C212-4C81-9AFF-02F055137471}.Release|Win32.Build.0 = Release|Win32
		{78EDEE71-C212-4C81-9AFF-02F055137471}.Release|x64.ActiveCfg = Release|x64
		{78EDEE71-C212-4C81-9AFF-02F055137471}.Release|x64.Build.0 = Release|x64
		{78EDEE71-C212-4C81-9AFF-02F055137471}.ReleaseDLL|Win32.ActiveCfg = ReleaseDLL|Win32
		{78EDEE71-C212-4C81-9AFF-02F055137471}.ReleaseDLL|Win32.Build.0 = ReleaseDLL|Win32
		{78EDEE71-C212-4C81-9AFF-02F055137471}.ReleaseDLL|x64.ActiveCfg = ReleaseDLL|x64
		{78EDEE71-C212-4C81-9AFF-02F055137471}.ReleaseDLL|x64.Build.0 = ReleaseDLL|x64
		{FFCBF51B-46F6-48B1-94E2-BCD8BBF4852A}.Debug|Win32.ActiveCfg = Debug|Win32
		{FFCBF51B-46F6-48B1-94E2-BCD8BBF4852A}.Debug|Win32.Build.0 = Debug|Win32
		{FFCBF51B-46F6-48B1-94E2-BCD8BBF4852A}.Debug|x64.ActiveCfg = Debug|x64
		{FFCBF51B-46F6-48B1-94E2-BCD8BBF4852A}.Debug|x64.Build.0 = Debug|x64
		{FFCBF51B-46F6-48B1-94E2-BCD8BBF4852A}.DebugDLL|Win32.ActiveCfg = DebugDLL|Win32
		{FFCBF51B-46F6-48B1-94E2-BCD8BBF4852A}.DebugDLL|Win32.Build.0 = DebugDLL|Win32
		{FFCBF51B-46F6-48B1-94E2-BCD8BBF4852A}.DebugDLL|x64.ActiveCfg = DebugDLL|x64
		{FFCBF51B-46F6-48B1-94E2-BCD8BBF4852A}.DebugDLL|x64.Build.0 = DebugDLL|x64
		{FFCBF51B-46F6-48B1-94E2-BCD8BBF4852A}.Release|Win32.ActiveCfg = Release|Win32
		{FFCBF51B-46F6-48B1-94E2-BCD8BBF4852A}.Release|Win32.Build.0 = Release|Win32
		{FFCBF51B-46F6-48B1-94E2-BCD8BBF4852A}.Release|x64.ActiveCfg = Release|x64
		{FFCBF51B-46F6-48B1-94E2-BCD8BBF4852A}.Release|x64.Build.0 = Release|x64
		{FFCBF51B-46F6-48B1-94E2-BCD8BBF4852A}.ReleaseDLL|Win32.ActiveCfg = ReleaseDLL|Win32
		{FFCBF51B-46F6-48B1-94E2-BCD8BBF4852A}.ReleaseDLL|Win32.Build.0 = ReleaseDLL|Win32
		{FFCBF51B-46F6-48B1-94E2-BCD8BBF4852A}.ReleaseDLL|x64.ActiveCfg = ReleaseDLL|x64
		{FFCBF51B-46F6-48B1-94E2-BCD8BBF4852A}.ReleaseDLL|x64.Build.0 = ReleaseDLL|x64
		{03C44CD2-D737-498A-B89C-A1D79E36E35A}.Debug|Win32.ActiveCfg = Debug|Win32
		{03C44CD2-D737-498A-B89C-A1D79E36E35A}.Debug|Win32.Build.0 = Debug|Win32
		{03C44CD2-D737-498A-B89C-A1D79E36E35A}.Debug|x64.ActiveCfg = Debug|x64
		{03C44CD2-D737-498A-B89C-A1D79E36E35A}.Debug|x64.Build.0 = Debug|x64
		{03C44CD2-D737-498A-B89C-A1D79E36E35A}.DebugDLL|Win32.ActiveCfg = DebugDLL|Win32
		{03C44CD2-D737-498A-B89C-A1D79E36E35A}.DebugDLL|Win32.Build.0 = DebugDLL|Win32
		{03C44CD2-D737-498A-B89C-A1D79E36E35A}.DebugDLL|x64.ActiveCfg = DebugDLL|x64
		{03C44CD2-D737-498A-B89C-A1D79E36E35A}.DebugDLL|x64.Build.0 = DebugDLL|x64
		{03C44CD2-D737-498A-B89C-A1D79E36E35A}.Release|Win32.ActiveCfg = Release|Win32
		{03C44CD2-D737-498A-B89C-A1D79E36E35A}.Release|Win32.Build.0 = Release|Win32
		{03C44CD2-D737-498A-B89C-A1D79E36E35A}.Release|x64.ActiveCfg = Release|x64
		{03C44CD2-D737-498A-B89C-A1D79E36E35A}.Release|x64.Build.0 = Release|x64
		{03C44CD2-D737-498A-B89C-A1D79E36E35A}.ReleaseDLL|Win32.ActiveCfg = ReleaseDLL|Win32
		{03C44CD2-D737-498A-B89C-A1D79E36E35A}.ReleaseDLL|Win32.Build.0 = ReleaseDLL|Win32
		{03C44CD2-D737-498A-B89C-A1D79E36E35A}.ReleaseDLL|x64.ActiveCfg = ReleaseDLL|x64
		{03C44CD2-D737-498A-B89C-A1D79E36E35A}.ReleaseDLL|x64.Build.0 = ReleaseDLL|x64
		{1078A2CA-86AA-4611-862C-BBAE31164914}.Debug|Win32.ActiveCfg = Debug|Win32
		{1078A2CA-86AA-4611-862C-BBAE31164914}.Debug|Win32.Build.0 = Debug|Win32
		{1078A2CA-86AA-4611-862C-BBAE31164914}.Debug|x64.ActiveCfg = Debug|x64
		{1078A2CA-86AA-4611-862C-BBAE31164914}.Debug|x64.Build.0 = Debug|x64
		{1078A2CA-86AA-4611-862C-BBAE31164914}.DebugDLL|Win32.ActiveCfg = DebugDLL|Win32
		{1078A2CA-86AA-4611-862C-BBAE31164914}.DebugDLL|Win32.Build.0 = DebugDLL|Win32
		{1078A2CA-86AA-4611-862C-BBAE31164914}.DebugDLL|x64.ActiveCfg = DebugDLL|x64
		{1078A2CA-86AA-4611-862C-BBAE31164914}.DebugDLL|x64.Build.0 = DebugDLL|x64
		{1078A2CA-86AA-4611-862C-BBAE31164914}.Release|Win32.ActiveCfg = Release|Win32
		{1078A2CA-86AA-4611-862C-BBAE31164914}.Release|Win32.Build.0 = Release|Win32
		{1078A2CA-86AA-4611-862C-BBAE31164914}.Release|x64.ActiveCfg = Release|x64
		{1078A2CA-86AA-4611-862C-BBAE31164914}.Release|x64.Build.0 = Release|x64
		{1078A2CA-86AA-4611-862C-BBAE31164914}.ReleaseDLL|Win32.ActiveCfg = ReleaseDLL|Win32
		{1078A2CA-86AA-4611-862C-BBAE31164914}.ReleaseDLL|Win32.Build.0 = ReleaseDLL|Win32
		{1078A2CA-86AA-4611-862C-BBAE31164914}.ReleaseDLL|x64.ActiveCfg = ReleaseDLL|x64
		{1078A2CA-86AA-4611-862C-BBAE31164914}.ReleaseDLL|x64.Build.0 = ReleaseDLL|x64
		{B6B94C84-1937-4698-AD5B-C874256DD328}.Debug|Win32.ActiveCfg = Debug|Win32
		{B6B94C84-1937-4698-AD5B-C874256DD328}.Debug|Win32.Build.0 = Debug|Win32
		{B6B94C84-1937-4698-AD5B-C874256DD328}.Debug|x64.ActiveCfg = Debug|x64
		{B6B94C84-1937-4698-AD5B-C874256DD328}.Debug|x64.Build.0 = Debug|x64
		{B6B94C84-1937-4698-AD5B-C874256DD328}.DebugDLL|Win32.ActiveCfg = DebugDLL|Win32
		{B6B94C84-1937-4698-AD5B-C874256DD328}.DebugDLL|Win32.Build.0 = DebugDLL|Win32
		{B6B94C84-1937-4698-AD5B-C874256DD328}.DebugDLL|x64.ActiveCfg = DebugDLL|x64
		{B6B94C84-1937-4698-AD5B-C874256DD328}.DebugDLL|x64.Build.0 = DebugDLL|x64
		{B6B94C84-1937-4698-AD5B-C874256DD328}.Release|Win32.ActiveCfg = Release|Win32
		{B6B94C84-1937-4698-AD5B-C874256DD328}.Release|Win32.Build.0 = Release|Win32
		{B6B94C84-1937-4698-AD5B-C874256DD328}.Release|x64.ActiveCfg = Release|x64
		{B6B94C84-1937-4698-AD5B-C874256DD328}.Release|x64.Build.0 = Release|x64
		{B6B94C84-1937-4698-AD5B-C874256DD328}.ReleaseDLL|Win32.ActiveCfg = ReleaseDLL|Win32
		{B6B94C84-1937-4698-AD5B-C874256DD328}.ReleaseDLL|Win32.Build.0 = ReleaseDLL|Win32
		{B6B94C84-1937-4698-AD5B-C874256DD328}.ReleaseDLL|x64.ActiveCfg = ReleaseDLL|x64
		{B6B94C84-1937-4698-AD5B-C874256DD328}.ReleaseDLL|x64.Build.0 = ReleaseDLL|x64
		{037962C4-CC05-4373-98D3-17770D8C0F37}.Debug|Win32.ActiveCfg = Debug|Win32
		{037962C4-CC05-4373-98D3-17770D8C0F37}.Debug|Win32.Build.0 = Debug|Win32
		{037962C4-CC05-4373-98D3-17770D8C0F37}.Debug|x64.ActiveCfg = Debug|x64
		{037962C4-CC05-4373-98D3-17770D8C0F37}.Debug|x64.Build.0 = Debug|x64
		{037962C4-CC05-4373-98D3-17770D8C0F37}.DebugDLL|Win32.ActiveCfg = DebugDLL|Win32
		{037962C4-CC05-4373-98D3-17770D8C0F37}.DebugDLL|Win32.Build.0 = DebugDLL|Win32
		{037962C4-CC05-4373-98D3-17770D8C0F37}.DebugDLL|x64.ActiveCfg = DebugDLL|x64
		{037962C4-CC05-4373-98D3-17770D8C0F37}.DebugDLL|x64.Build.0 = DebugDLL|x64
		{037962C4-CC05-4373-98D3-17770D8C0F37}.Release|Win32.ActiveCfg = Release|Win32
		{037962C4-CC05-4373-98D3-17770D8C0F37}.Release|Win32.Build.0 = Release|Win32
		{037962C4-CC05-4373-98D3-17770D8C0F37}.Release|x64.ActiveCfg = Release|x64
		{037962C4-CC05-4373-98D3-17770D8C0F37}.Release|x64.Build.0 = Release|x64
		{037962C4-CC05-4373-98D3-17770D8C0F37}.ReleaseDLL|Win32.ActiveCfg = ReleaseDLL|Win32
		{037962C4-CC05-4373-98D3-17770D8C0F37}.ReleaseDLL|Win32.Build.0 = ReleaseDLL|Win32
		{037962C4-CC05-4373-98D3-17770D8C0F37}.ReleaseDLL|x64.ActiveCfg = ReleaseDLL|x64
		{037962C4-CC05-4373-98D3-17770D8C0F37}.ReleaseDLL|x64.Build.0 = ReleaseDLL|x64
		{417330F1-8CEB-4A5B-9DA8-009DC5D41D8A}.Debug|Win32.ActiveCfg = Debug|Win32
		{417330F1-8CEB-4A5B-9DA8-009DC5D41D8A}.Debug|Win32.Build.0 = Debug|Win32
		{417330F1-8CEB-4A5B-9DA8-009DC5D41D8A}.Debug|x64.ActiveCfg = Debug|x64
		{417330F1-8CEB-4A5B-9DA8-009DC5D41D8A}.Debug|x64.Build.0 = Debug|x64
		{417330F1-8CEB-4A5B-9DA8-009DC5D41D8A}.DebugDLL|Win32.ActiveCfg = DebugDLL|Win32
		{417330F1-8CEB-4A5B-9DA8-009DC5D41D8A}.DebugDLL|Win32.Build.0 = DebugDLL|Win32
		{417330F1-8CEB-4A5B-9DA8-009DC5D41D8A}.DebugDLL|x64.ActiveCfg = DebugDLL|x64
		{417330F1-8CEB-4A5B-9DA8-009DC5D41D8A}.DebugDLL|x64.Build.0 = DebugDLL|x64
		{417330F1-8CEB-4A5B-9DA8-009DC5D41D8A}.Release|Win32.ActiveCfg = Release|Win32
		{417330F1-8CEB-4A5B-9DA8-009DC5D41D8A}.Release|Win32.Build.0 = Release|Win32
		{417330F1-8CEB-4A5B-9DA8-009DC5D41D8A}.Release|x64.ActiveCfg = Release|x64
		{417330F1-8CEB-4A5B-9DA8-009DC5D41D8A}.Release|x64.Build.0 = Release|x64
		{417330F1-8CEB-4A5B-9DA8-009DC5D41D8A}.ReleaseDLL|Win32.ActiveCfg = ReleaseDLL|Win32
		{417330F1-8CEB-4A5B-9DA8-009DC5D41D8A}.ReleaseDLL|Win32.Build.0 = ReleaseDLL|Win32
		{417330F1-8CEB-4A5B-9DA8-009DC5D41D8A}.ReleaseDLL|x64.ActiveCfg = ReleaseDLL|x64
		{417330F1-8CEB-4A5B-9DA8-009DC5D41D8A}.ReleaseDLL|x64.Build.0 = ReleaseDLL|x64
	EndGlobalSection
	GlobalSection(SolutionProperties) = preSolution
		HideSolutionNode = FALSE
	EndGlobalSection
	GlobalSection(NestedProjects) = preSolution
		{9B4AB3EF-8C73-4BBF-8176-9E00AC6FCCC3} = {95E10F2A-F4AB-4DC7-A92F-8B3379D9A332}
		{3F968544-3D37-446C-967C-B9426F0F527A} = {95E10F2A-F4AB-4DC7-A92F-8B3379D9A332}
		{78EDEE71-C212-4C81-9AFF-02F055137471} = {95E10F2A-F4AB-4DC7-A92F-8B3379D9A332}
		{1078A2CA-86AA-4611-862C-BBAE31164914} = {95E10F2A-F4AB-4DC7-A92F-8B3379D9A332}
		{B6B94C84-1937-4698-AD5B-C874256DD328} = {95E10F2A-F4AB-4DC7-A92F-8B3379D9A332}
		{037962C4-CC05-4373-98D3-17770D8C0F37} = {95E10F2A-F4AB-4DC7-A92F-8B3379D9A332}
		{417330F1-8CEB-4A5B-9DA8-009DC5D41D8A} = {DF6408B0-8A48-4957-BDD4-10C3A616A2BE}
	EndGlobalSection
	GlobalSection(ExtensibilityGlobals) = postSolution
		SolutionGuid = {575BE86F-4530-457C-ABA7-C3248B15D6DB}
	EndGlobalSection
EndGlobal
