Microsoft Visual Studio Solution File, Format Version 10.00
# Visual Studio 2008
Project("{8BC9CEB8-8B4A-11D0-8D11-00A0C91BC942}") = "codeconv", "..\..\..\..\..\codeconv\project\vc90\codeconv.vcproj", "{9B4AB3EF-8C73-4BBF-8176-9E00AC6FCCC3}"
EndProject
Project("{8BC9CEB8-8B4A-11D0-8D11-00A0C91BC942}") = "dz1", "..\..\..\..\dz1\project\vc90\dz1.vcproj", "{78EDEE71-C212-4C81-9AFF-02F055137471}"
EndProject
Project("{8BC9CEB8-8B4A-11D0-8D11-00A0C91BC942}") = "pthread", "..\..\..\..\..\pthreads.2\project\vc90\pthread.vcproj", "{3F968544-3D37-446C-967C-B9426F0F527A}"
EndProject
Project("{8BC9CEB8-8B4A-11D0-8D11-00A0C91BC942}") = "dz1_tdc_info", "..\..\..\dz1_tdc_info\project\vc90\dz1_tdc_info.vcproj", "{411B94EC-4C72-499F-9D0C-38BBE46E6177}"
EndProject
Project("{8BC9CEB8-8B4A-11D0-8D11-00A0C91BC942}") = "dz1_vfs", "dz1_vfs.vcproj", "{C0F42AC8-E673-41A9-9264-1FF9FF0B34D2}"
	ProjectSection(ProjectDependencies) = postProject
		{8B0FE208-E2DD-489C-85D3-AFE5605A3876} = {8B0FE208-E2DD-489C-85D3-AFE5605A3876}
		{0BE61739-38BA-4F5A-8F2B-B8499E787742} = {0BE61739-38BA-4F5A-8F2B-B8499E787742}
		{80D135F3-D979-4077-A5C0-0C1A24616660} = {80D135F3-D979-4077-A5C0-0C1A24616660}
	EndProjectSection
EndProject
Project("{8BC9CEB8-8B4A-11D0-8D11-00A0C91BC942}") = "dz1_vfs_test", "dz1_vfsTest.vcproj", "{649DF556-AF13-420B-8CFA-96433E14A4D3}"
	ProjectSection(ProjectDependencies) = postProject
		{3F968544-3D37-446C-967C-B9426F0F527A} = {3F968544-3D37-446C-967C-B9426F0F527A}
		{78EDEE71-C212-4C81-9AFF-02F055137471} = {78EDEE71-C212-4C81-9AFF-02F055137471}
		{C0F42AC8-E673-41A9-9264-1FF9FF0B34D2} = {C0F42AC8-E673-41A9-9264-1FF9FF0B34D2}
		{9B4AB3EF-8C73-4BBF-8176-9E00AC6FCCC3} = {9B4AB3EF-8C73-4BBF-8176-9E00AC6FCCC3}
	EndProjectSection
EndProject
Project("{8BC9CEB8-8B4A-11D0-8D11-00A0C91BC942}") = "tdc", "..\..\..\dz1_tdc\project\vc90\tdc.vcproj", "{8B0FE208-E2DD-489C-85D3-AFE5605A3876}"
	ProjectSection(ProjectDependencies) = postProject
		{3F968544-3D37-446C-967C-B9426F0F527A} = {3F968544-3D37-446C-967C-B9426F0F527A}
		{78EDEE71-C212-4C81-9AFF-02F055137471} = {78EDEE71-C212-4C81-9AFF-02F055137471}
		{411B94EC-4C72-499F-9D0C-38BBE46E6177} = {411B94EC-4C72-499F-9D0C-38BBE46E6177}
		{9B4AB3EF-8C73-4BBF-8176-9E00AC6FCCC3} = {9B4AB3EF-8C73-4BBF-8176-9E00AC6FCCC3}
	EndProjectSection
EndProject
Project("{8BC9CEB8-8B4A-11D0-8D11-00A0C91BC942}") = "dz1_storage", "..\..\..\dz1_storage\project\vc90\dz1_storage.vcproj", "{0BE61739-38BA-4F5A-8F2B-B8499E787742}"
EndProject
Project("{8BC9CEB8-8B4A-11D0-8D11-00A0C91BC942}") = "dz1_storage_test", "..\..\..\dz1_storage\project\vc90\dz1_storageTest.vcproj", "{D80EB883-0369-4C37-83F6-9C666B0EAACA}"
EndProject
Project("{8BC9CEB8-8B4A-11D0-8D11-00A0C91BC942}") = "dz1_meta_tag", "..\..\..\dz1_meta_tag\project\vc90\dz1_meta_tag.vcproj", "{80D135F3-D979-4077-A5C0-0C1A24616660}"
	ProjectSection(ProjectDependencies) = postProject
		{8B0FE208-E2DD-489C-85D3-AFE5605A3876} = {8B0FE208-E2DD-489C-85D3-AFE5605A3876}
	EndProjectSection
EndProject
Global
	GlobalSection(SolutionConfigurationPlatforms) = preSolution
		Debug|Win32 = Debug|Win32
		DebugDLL|Win32 = DebugDLL|Win32
		DebugWithSSL|Win32 = DebugWithSSL|Win32
		Release|Win32 = Release|Win32
		ReleaseDLL|Win32 = ReleaseDLL|Win32
	EndGlobalSection
	GlobalSection(ProjectConfigurationPlatforms) = postSolution
		{9B4AB3EF-8C73-4BBF-8176-9E00AC6FCCC3}.Debug|Win32.ActiveCfg = Debug|Win32
		{9B4AB3EF-8C73-4BBF-8176-9E00AC6FCCC3}.Debug|Win32.Build.0 = Debug|Win32
		{9B4AB3EF-8C73-4BBF-8176-9E00AC6FCCC3}.DebugDLL|Win32.ActiveCfg = DebugDLL|Win32
		{9B4AB3EF-8C73-4BBF-8176-9E00AC6FCCC3}.DebugDLL|Win32.Build.0 = DebugDLL|Win32
		{9B4AB3EF-8C73-4BBF-8176-9E00AC6FCCC3}.DebugWithSSL|Win32.ActiveCfg = DebugDLL|Win32
		{9B4AB3EF-8C73-4BBF-8176-9E00AC6FCCC3}.DebugWithSSL|Win32.Build.0 = DebugDLL|Win32
		{9B4AB3EF-8C73-4BBF-8176-9E00AC6FCCC3}.Release|Win32.ActiveCfg = Release|Win32
		{9B4AB3EF-8C73-4BBF-8176-9E00AC6FCCC3}.Release|Win32.Build.0 = Release|Win32
		{9B4AB3EF-8C73-4BBF-8176-9E00AC6FCCC3}.ReleaseDLL|Win32.ActiveCfg = ReleaseDLL|Win32
		{9B4AB3EF-8C73-4BBF-8176-9E00AC6FCCC3}.ReleaseDLL|Win32.Build.0 = ReleaseDLL|Win32
		{78EDEE71-C212-4C81-9AFF-02F055137471}.Debug|Win32.ActiveCfg = Debug|Win32
		{78EDEE71-C212-4C81-9AFF-02F055137471}.Debug|Win32.Build.0 = Debug|Win32
		{78EDEE71-C212-4C81-9AFF-02F055137471}.DebugDLL|Win32.ActiveCfg = DebugDLL|Win32
		{78EDEE71-C212-4C81-9AFF-02F055137471}.DebugDLL|Win32.Build.0 = DebugDLL|Win32
		{78EDEE71-C212-4C81-9AFF-02F055137471}.DebugWithSSL|Win32.ActiveCfg = DebugWithSSL|Win32
		{78EDEE71-C212-4C81-9AFF-02F055137471}.DebugWithSSL|Win32.Build.0 = DebugWithSSL|Win32
		{78EDEE71-C212-4C81-9AFF-02F055137471}.Release|Win32.ActiveCfg = Release|Win32
		{78EDEE71-C212-4C81-9AFF-02F055137471}.Release|Win32.Build.0 = Release|Win32
		{78EDEE71-C212-4C81-9AFF-02F055137471}.ReleaseDLL|Win32.ActiveCfg = ReleaseDLL|Win32
		{78EDEE71-C212-4C81-9AFF-02F055137471}.ReleaseDLL|Win32.Build.0 = ReleaseDLL|Win32
		{3F968544-3D37-446C-967C-B9426F0F527A}.Debug|Win32.ActiveCfg = Debug|Win32
		{3F968544-3D37-446C-967C-B9426F0F527A}.Debug|Win32.Build.0 = Debug|Win32
		{3F968544-3D37-446C-967C-B9426F0F527A}.DebugDLL|Win32.ActiveCfg = DebugDLL|Win32
		{3F968544-3D37-446C-967C-B9426F0F527A}.DebugDLL|Win32.Build.0 = DebugDLL|Win32
		{3F968544-3D37-446C-967C-B9426F0F527A}.DebugWithSSL|Win32.ActiveCfg = DebugDLL|Win32
		{3F968544-3D37-446C-967C-B9426F0F527A}.DebugWithSSL|Win32.Build.0 = DebugDLL|Win32
		{3F968544-3D37-446C-967C-B9426F0F527A}.Release|Win32.ActiveCfg = Release|Win32
		{3F968544-3D37-446C-967C-B9426F0F527A}.Release|Win32.Build.0 = Release|Win32
		{3F968544-3D37-446C-967C-B9426F0F527A}.ReleaseDLL|Win32.ActiveCfg = ReleaseDLL|Win32
		{3F968544-3D37-446C-967C-B9426F0F527A}.ReleaseDLL|Win32.Build.0 = ReleaseDLL|Win32
		{411B94EC-4C72-499F-9D0C-38BBE46E6177}.Debug|Win32.ActiveCfg = Debug|Win32
		{411B94EC-4C72-499F-9D0C-38BBE46E6177}.Debug|Win32.Build.0 = Debug|Win32
		{411B94EC-4C72-499F-9D0C-38BBE46E6177}.DebugDLL|Win32.ActiveCfg = DebugDLL|Win32
		{411B94EC-4C72-499F-9D0C-38BBE46E6177}.DebugDLL|Win32.Build.0 = DebugDLL|Win32
		{411B94EC-4C72-499F-9D0C-38BBE46E6177}.DebugWithSSL|Win32.ActiveCfg = DebugDLL|Win32
		{411B94EC-4C72-499F-9D0C-38BBE46E6177}.DebugWithSSL|Win32.Build.0 = DebugDLL|Win32
		{411B94EC-4C72-499F-9D0C-38BBE46E6177}.Release|Win32.ActiveCfg = Release|Win32
		{411B94EC-4C72-499F-9D0C-38BBE46E6177}.Release|Win32.Build.0 = Release|Win32
		{411B94EC-4C72-499F-9D0C-38BBE46E6177}.ReleaseDLL|Win32.ActiveCfg = ReleaseDLL|Win32
		{411B94EC-4C72-499F-9D0C-38BBE46E6177}.ReleaseDLL|Win32.Build.0 = ReleaseDLL|Win32
		{C0F42AC8-E673-41A9-9264-1FF9FF0B34D2}.Debug|Win32.ActiveCfg = Debug|Win32
		{C0F42AC8-E673-41A9-9264-1FF9FF0B34D2}.Debug|Win32.Build.0 = Debug|Win32
		{C0F42AC8-E673-41A9-9264-1FF9FF0B34D2}.DebugDLL|Win32.ActiveCfg = Debug|Win32
		{C0F42AC8-E673-41A9-9264-1FF9FF0B34D2}.DebugDLL|Win32.Build.0 = Debug|Win32
		{C0F42AC8-E673-41A9-9264-1FF9FF0B34D2}.DebugWithSSL|Win32.ActiveCfg = Debug|Win32
		{C0F42AC8-E673-41A9-9264-1FF9FF0B34D2}.DebugWithSSL|Win32.Build.0 = Debug|Win32
		{C0F42AC8-E673-41A9-9264-1FF9FF0B34D2}.Release|Win32.ActiveCfg = Release|Win32
		{C0F42AC8-E673-41A9-9264-1FF9FF0B34D2}.Release|Win32.Build.0 = Release|Win32
		{C0F42AC8-E673-41A9-9264-1FF9FF0B34D2}.ReleaseDLL|Win32.ActiveCfg = Release|Win32
		{C0F42AC8-E673-41A9-9264-1FF9FF0B34D2}.ReleaseDLL|Win32.Build.0 = Release|Win32
		{649DF556-AF13-420B-8CFA-96433E14A4D3}.Debug|Win32.ActiveCfg = Debug|Win32
		{649DF556-AF13-420B-8CFA-96433E14A4D3}.Debug|Win32.Build.0 = Debug|Win32
		{649DF556-AF13-420B-8CFA-96433E14A4D3}.DebugDLL|Win32.ActiveCfg = Debug|Win32
		{649DF556-AF13-420B-8CFA-96433E14A4D3}.DebugDLL|Win32.Build.0 = Debug|Win32
		{649DF556-AF13-420B-8CFA-96433E14A4D3}.DebugWithSSL|Win32.ActiveCfg = Debug|Win32
		{649DF556-AF13-420B-8CFA-96433E14A4D3}.DebugWithSSL|Win32.Build.0 = Debug|Win32
		{649DF556-AF13-420B-8CFA-96433E14A4D3}.Release|Win32.ActiveCfg = Release|Win32
		{649DF556-AF13-420B-8CFA-96433E14A4D3}.Release|Win32.Build.0 = Release|Win32
		{649DF556-AF13-420B-8CFA-96433E14A4D3}.ReleaseDLL|Win32.ActiveCfg = Release|Win32
		{649DF556-AF13-420B-8CFA-96433E14A4D3}.ReleaseDLL|Win32.Build.0 = Release|Win32
		{8B0FE208-E2DD-489C-85D3-AFE5605A3876}.Debug|Win32.ActiveCfg = Debug|Win32
		{8B0FE208-E2DD-489C-85D3-AFE5605A3876}.Debug|Win32.Build.0 = Debug|Win32
		{8B0FE208-E2DD-489C-85D3-AFE5605A3876}.DebugDLL|Win32.ActiveCfg = DebugDLL|Win32
		{8B0FE208-E2DD-489C-85D3-AFE5605A3876}.DebugDLL|Win32.Build.0 = DebugDLL|Win32
		{8B0FE208-E2DD-489C-85D3-AFE5605A3876}.DebugWithSSL|Win32.ActiveCfg = DebugWithSSL|Win32
		{8B0FE208-E2DD-489C-85D3-AFE5605A3876}.DebugWithSSL|Win32.Build.0 = DebugWithSSL|Win32
		{8B0FE208-E2DD-489C-85D3-AFE5605A3876}.Release|Win32.ActiveCfg = Release|Win32
		{8B0FE208-E2DD-489C-85D3-AFE5605A3876}.Release|Win32.Build.0 = Release|Win32
		{8B0FE208-E2DD-489C-85D3-AFE5605A3876}.ReleaseDLL|Win32.ActiveCfg = ReleaseDLL|Win32
		{8B0FE208-E2DD-489C-85D3-AFE5605A3876}.ReleaseDLL|Win32.Build.0 = ReleaseDLL|Win32
		{0BE61739-38BA-4F5A-8F2B-B8499E787742}.Debug|Win32.ActiveCfg = Debug|Win32
		{0BE61739-38BA-4F5A-8F2B-B8499E787742}.Debug|Win32.Build.0 = Debug|Win32
		{0BE61739-38BA-4F5A-8F2B-B8499E787742}.DebugDLL|Win32.ActiveCfg = Debug|Win32
		{0BE61739-38BA-4F5A-8F2B-B8499E787742}.DebugDLL|Win32.Build.0 = Debug|Win32
		{0BE61739-38BA-4F5A-8F2B-B8499E787742}.DebugWithSSL|Win32.ActiveCfg = Debug|Win32
		{0BE61739-38BA-4F5A-8F2B-B8499E787742}.DebugWithSSL|Win32.Build.0 = Debug|Win32
		{0BE61739-38BA-4F5A-8F2B-B8499E787742}.Release|Win32.ActiveCfg = Release|Win32
		{0BE61739-38BA-4F5A-8F2B-B8499E787742}.Release|Win32.Build.0 = Release|Win32
		{0BE61739-38BA-4F5A-8F2B-B8499E787742}.ReleaseDLL|Win32.ActiveCfg = Release|Win32
		{0BE61739-38BA-4F5A-8F2B-B8499E787742}.ReleaseDLL|Win32.Build.0 = Release|Win32
		{D80EB883-0369-4C37-83F6-9C666B0EAACA}.Debug|Win32.ActiveCfg = Debug|Win32
		{D80EB883-0369-4C37-83F6-9C666B0EAACA}.Debug|Win32.Build.0 = Debug|Win32
		{D80EB883-0369-4C37-83F6-9C666B0EAACA}.DebugDLL|Win32.ActiveCfg = Debug|Win32
		{D80EB883-0369-4C37-83F6-9C666B0EAACA}.DebugDLL|Win32.Build.0 = Debug|Win32
		{D80EB883-0369-4C37-83F6-9C666B0EAACA}.DebugWithSSL|Win32.ActiveCfg = Debug|Win32
		{D80EB883-0369-4C37-83F6-9C666B0EAACA}.DebugWithSSL|Win32.Build.0 = Debug|Win32
		{D80EB883-0369-4C37-83F6-9C666B0EAACA}.Release|Win32.ActiveCfg = Release|Win32
		{D80EB883-0369-4C37-83F6-9C666B0EAACA}.Release|Win32.Build.0 = Release|Win32
		{D80EB883-0369-4C37-83F6-9C666B0EAACA}.ReleaseDLL|Win32.ActiveCfg = Release|Win32
		{D80EB883-0369-4C37-83F6-9C666B0EAACA}.ReleaseDLL|Win32.Build.0 = Release|Win32
		{80D135F3-D979-4077-A5C0-0C1A24616660}.Debug|Win32.ActiveCfg = Debug|Win32
		{80D135F3-D979-4077-A5C0-0C1A24616660}.Debug|Win32.Build.0 = Debug|Win32
		{80D135F3-D979-4077-A5C0-0C1A24616660}.DebugDLL|Win32.ActiveCfg = Debug|Win32
		{80D135F3-D979-4077-A5C0-0C1A24616660}.DebugDLL|Win32.Build.0 = Debug|Win32
		{80D135F3-D979-4077-A5C0-0C1A24616660}.DebugWithSSL|Win32.ActiveCfg = Debug|Win32
		{80D135F3-D979-4077-A5C0-0C1A24616660}.DebugWithSSL|Win32.Build.0 = Debug|Win32
		{80D135F3-D979-4077-A5C0-0C1A24616660}.Release|Win32.ActiveCfg = Release|Win32
		{80D135F3-D979-4077-A5C0-0C1A24616660}.Release|Win32.Build.0 = Release|Win32
		{80D135F3-D979-4077-A5C0-0C1A24616660}.ReleaseDLL|Win32.ActiveCfg = Release|Win32
		{80D135F3-D979-4077-A5C0-0C1A24616660}.ReleaseDLL|Win32.Build.0 = Release|Win32
	EndGlobalSection
	GlobalSection(SolutionProperties) = preSolution
		HideSolutionNode = FALSE
	EndGlobalSection
EndGlobal
