Microsoft Visual Studio Solution File, Format Version 10.00
# Visual Studio 2008
Project("{8BC9CEB8-8B4A-11D0-8D11-00A0C91BC942}") = "dz1_system_info", "..\project\vc90\dz1_system_info.vcproj", "{F364B10B-D2A5-427F-8879-CE5792994C12}"
EndProject
Project("{8BC9CEB8-8B4A-11D0-8D11-00A0C91BC942}") = "dz1_system_info_test", "..\project\vc90\dz1_system_info_test.vcproj", "{FB9E271B-0D5D-4BE1-8965-F74B26D2D83D}"
	ProjectSection(ProjectDependencies) = postProject
		{F364B10B-D2A5-427F-8879-CE5792994C12} = {F364B10B-D2A5-427F-8879-CE5792994C12}
		{78EDEE71-C212-4C81-9AFF-02F055137471} = {78EDEE71-C212-4C81-9AFF-02F055137471}
		{9B4AB3EF-8C73-4BBF-8176-9E00AC6FCCC3} = {9B4AB3EF-8C73-4BBF-8176-9E00AC6FCCC3}
		{3F968544-3D37-446C-967C-B9426F0F527A} = {3F968544-3D37-446C-967C-B9426F0F527A}
	EndProjectSection
EndProject
Project("{8BC9CEB8-8B4A-11D0-8D11-00A0C91BC942}") = "dz1", "..\..\..\..\dz1\project\project\vc90\dz1.vcproj", "{78EDEE71-C212-4C81-9AFF-02F055137471}"
EndProject
Project("{8BC9CEB8-8B4A-11D0-8D11-00A0C91BC942}") = "codeconv", "..\..\..\..\..\codeconv\project\project\vc90\codeconv.vcproj", "{9B4AB3EF-8C73-4BBF-8176-9E00AC6FCCC3}"
EndProject
Project("{8BC9CEB8-8B4A-11D0-8D11-00A0C91BC942}") = "pthread", "..\..\..\..\..\pthreads.2\project\project\vc90\pthread.vcproj", "{3F968544-3D37-446C-967C-B9426F0F527A}"
EndProject
Global
	GlobalSection(SolutionConfigurationPlatforms) = preSolution
		Debug|Win32 = Debug|Win32
		DebugDLL|Win32 = DebugDLL|Win32
		Release|Win32 = Release|Win32
		ReleaseDLL|Win32 = ReleaseDLL|Win32
	EndGlobalSection
	GlobalSection(ProjectConfigurationPlatforms) = postSolution
		{F364B10B-D2A5-427F-8879-CE5792994C12}.Debug|Win32.ActiveCfg = Debug|Win32
		{F364B10B-D2A5-427F-8879-CE5792994C12}.Debug|Win32.Build.0 = Debug|Win32
		{F364B10B-D2A5-427F-8879-CE5792994C12}.DebugDLL|Win32.ActiveCfg = DebugDLL|Win32
		{F364B10B-D2A5-427F-8879-CE5792994C12}.DebugDLL|Win32.Build.0 = DebugDLL|Win32
		{F364B10B-D2A5-427F-8879-CE5792994C12}.Release|Win32.ActiveCfg = Release|Win32
		{F364B10B-D2A5-427F-8879-CE5792994C12}.Release|Win32.Build.0 = Release|Win32
		{F364B10B-D2A5-427F-8879-CE5792994C12}.ReleaseDLL|Win32.ActiveCfg = ReleaseDLL|Win32
		{F364B10B-D2A5-427F-8879-CE5792994C12}.ReleaseDLL|Win32.Build.0 = ReleaseDLL|Win32
		{FB9E271B-0D5D-4BE1-8965-F74B26D2D83D}.Debug|Win32.ActiveCfg = Debug|Win32
		{FB9E271B-0D5D-4BE1-8965-F74B26D2D83D}.Debug|Win32.Build.0 = Debug|Win32
		{FB9E271B-0D5D-4BE1-8965-F74B26D2D83D}.DebugDLL|Win32.ActiveCfg = DebugDLL|Win32
		{FB9E271B-0D5D-4BE1-8965-F74B26D2D83D}.DebugDLL|Win32.Build.0 = DebugDLL|Win32
		{FB9E271B-0D5D-4BE1-8965-F74B26D2D83D}.Release|Win32.ActiveCfg = Release|Win32
		{FB9E271B-0D5D-4BE1-8965-F74B26D2D83D}.Release|Win32.Build.0 = Release|Win32
		{FB9E271B-0D5D-4BE1-8965-F74B26D2D83D}.ReleaseDLL|Win32.ActiveCfg = ReleaseDLL|Win32
		{FB9E271B-0D5D-4BE1-8965-F74B26D2D83D}.ReleaseDLL|Win32.Build.0 = ReleaseDLL|Win32
		{78EDEE71-C212-4C81-9AFF-02F055137471}.Debug|Win32.ActiveCfg = Debug|Win32
		{78EDEE71-C212-4C81-9AFF-02F055137471}.Debug|Win32.Build.0 = Debug|Win32
		{78EDEE71-C212-4C81-9AFF-02F055137471}.DebugDLL|Win32.ActiveCfg = DebugDLL|Win32
		{78EDEE71-C212-4C81-9AFF-02F055137471}.DebugDLL|Win32.Build.0 = DebugDLL|Win32
		{78EDEE71-C212-4C81-9AFF-02F055137471}.Release|Win32.ActiveCfg = Release|Win32
		{78EDEE71-C212-4C81-9AFF-02F055137471}.Release|Win32.Build.0 = Release|Win32
		{78EDEE71-C212-4C81-9AFF-02F055137471}.ReleaseDLL|Win32.ActiveCfg = ReleaseDLL|Win32
		{78EDEE71-C212-4C81-9AFF-02F055137471}.ReleaseDLL|Win32.Build.0 = ReleaseDLL|Win32
		{9B4AB3EF-8C73-4BBF-8176-9E00AC6FCCC3}.Debug|Win32.ActiveCfg = Debug|Win32
		{9B4AB3EF-8C73-4BBF-8176-9E00AC6FCCC3}.Debug|Win32.Build.0 = Debug|Win32
		{9B4AB3EF-8C73-4BBF-8176-9E00AC6FCCC3}.DebugDLL|Win32.ActiveCfg = DebugDLL|Win32
		{9B4AB3EF-8C73-4BBF-8176-9E00AC6FCCC3}.DebugDLL|Win32.Build.0 = DebugDLL|Win32
		{9B4AB3EF-8C73-4BBF-8176-9E00AC6FCCC3}.Release|Win32.ActiveCfg = Release|Win32
		{9B4AB3EF-8C73-4BBF-8176-9E00AC6FCCC3}.Release|Win32.Build.0 = Release|Win32
		{9B4AB3EF-8C73-4BBF-8176-9E00AC6FCCC3}.ReleaseDLL|Win32.ActiveCfg = ReleaseDLL|Win32
		{9B4AB3EF-8C73-4BBF-8176-9E00AC6FCCC3}.ReleaseDLL|Win32.Build.0 = ReleaseDLL|Win32
		{3F968544-3D37-446C-967C-B9426F0F527A}.Debug|Win32.ActiveCfg = Debug|Win32
		{3F968544-3D37-446C-967C-B9426F0F527A}.Debug|Win32.Build.0 = Debug|Win32
		{3F968544-3D37-446C-967C-B9426F0F527A}.DebugDLL|Win32.ActiveCfg = DebugDLL|Win32
		{3F968544-3D37-446C-967C-B9426F0F527A}.DebugDLL|Win32.Build.0 = DebugDLL|Win32
		{3F968544-3D37-446C-967C-B9426F0F527A}.Release|Win32.ActiveCfg = Release|Win32
		{3F968544-3D37-446C-967C-B9426F0F527A}.Release|Win32.Build.0 = Release|Win32
		{3F968544-3D37-446C-967C-B9426F0F527A}.ReleaseDLL|Win32.ActiveCfg = ReleaseDLL|Win32
		{3F968544-3D37-446C-967C-B9426F0F527A}.ReleaseDLL|Win32.Build.0 = ReleaseDLL|Win32
	EndGlobalSection
	GlobalSection(SolutionProperties) = preSolution
		HideSolutionNode = FALSE
	EndGlobalSection
EndGlobal
