Microsoft Visual Studio Solution File, Format Version 8.00
Project("{8BC9CEB8-8B4A-11D0-8D11-00A0C91BC942}") = "dz1", "..\..\..\dz1\project\vc71\dz1.vcproj", "{78EDEE71-C212-4C81-9AFF-02F055137471}"
	ProjectSection(ProjectDependencies) = postProject
	EndProjectSection
EndProject
Project("{8BC9CEB8-8B4A-11D0-8D11-00A0C91BC942}") = "codeconv", "..\..\..\..\codeconv\project\vc71\codeconv.vcproj", "{9B4AB3EF-8C73-4BBF-8176-9E00AC6FCCC3}"
	ProjectSection(ProjectDependencies) = postProject
	EndProjectSection
EndProject
Project("{8BC9CEB8-8B4A-11D0-8D11-00A0C91BC942}") = "pthread", "..\..\..\..\pthreads.2\project\vc71\pthread.vcproj", "{3F968544-3D37-446C-967C-B9426F0F527A}"
	ProjectSection(ProjectDependencies) = postProject
	EndProjectSection
EndProject
Project("{8BC9CEB8-8B4A-11D0-8D11-00A0C91BC942}") = "tdc", "..\..\dz1_tdc\project\vc71\tdc.vcproj", "{8B0FE208-E2DD-489C-85D3-AFE5605A3876}"
	ProjectSection(ProjectDependencies) = postProject
		{3F968544-3D37-446C-967C-B9426F0F527A} = {3F968544-3D37-446C-967C-B9426F0F527A}
		{78EDEE71-C212-4C81-9AFF-02F055137471} = {78EDEE71-C212-4C81-9AFF-02F055137471}
		{9B4AB3EF-8C73-4BBF-8176-9E00AC6FCCC3} = {9B4AB3EF-8C73-4BBF-8176-9E00AC6FCCC3}
	EndProjectSection
EndProject
Project("{8BC9CEB8-8B4A-11D0-8D11-00A0C91BC942}") = "dz1_gasn_support", "..\..\dz1_gasn_support\project\vc71\dz1_gasn_support.vcproj", "{1078A2CA-86AA-4611-862C-BBAE31164914}"
	ProjectSection(ProjectDependencies) = postProject
	EndProjectSection
EndProject
Project("{8BC9CEB8-8B4A-11D0-8D11-00A0C91BC942}") = "dz1_syslog", "..\..\dz1_syslog\project\vc71\dz1_syslog.vcproj", "{2932D29E-E1C7-45D1-A084-8B7F4607354E}"
	ProjectSection(ProjectDependencies) = postProject
		{8B0FE208-E2DD-489C-85D3-AFE5605A3876} = {8B0FE208-E2DD-489C-85D3-AFE5605A3876}
	EndProjectSection
EndProject
Project("{8BC9CEB8-8B4A-11D0-8D11-00A0C91BC942}") = "dz1_task_gen", "..\..\dz1_task_gen\project\vc71\dz1_task_gen.vcproj", "{481C7CFA-F082-4A55-92C5-0DF2029EC8A2}"
	ProjectSection(ProjectDependencies) = postProject
		{8B0FE208-E2DD-489C-85D3-AFE5605A3876} = {8B0FE208-E2DD-489C-85D3-AFE5605A3876}
	EndProjectSection
EndProject
Project("{8BC9CEB8-8B4A-11D0-8D11-00A0C91BC942}") = "dz1_task_gen_gui", "..\..\dz1_task_gen_gui\project\vc71\dz1_task_gen_gui.vcproj", "{40595AE8-C73D-4EE3-AD4D-7164410EEF13}"
	ProjectSection(ProjectDependencies) = postProject
		{3F968544-3D37-446C-967C-B9426F0F527A} = {3F968544-3D37-446C-967C-B9426F0F527A}
		{78EDEE71-C212-4C81-9AFF-02F055137471} = {78EDEE71-C212-4C81-9AFF-02F055137471}
		{9B4AB3EF-8C73-4BBF-8176-9E00AC6FCCC3} = {9B4AB3EF-8C73-4BBF-8176-9E00AC6FCCC3}
		{481C7CFA-F082-4A55-92C5-0DF2029EC8A2} = {481C7CFA-F082-4A55-92C5-0DF2029EC8A2}
	EndProjectSection
EndProject
Project("{8BC9CEB8-8B4A-11D0-8D11-00A0C91BC942}") = "dz1_bmp", "..\..\dz1_bmp\project\vc71\dz1_bmp.vcproj", "{A472C880-9561-4B89-8157-4F40F4B71792}"
	ProjectSection(ProjectDependencies) = postProject
	EndProjectSection
EndProject
Project("{8BC9CEB8-8B4A-11D0-8D11-00A0C91BC942}") = "dz1_inet_telnet", "..\..\dz1_inet\project\vc71\dz1_inet_telnet.vcproj", "{E22ED16F-3A89-45A5-A8DC-EB111252F0DF}"
	ProjectSection(ProjectDependencies) = postProject
	EndProjectSection
EndProject
Project("{8BC9CEB8-8B4A-11D0-8D11-00A0C91BC942}") = "dz1_inet_ftp", "..\..\dz1_inet\project\vc71\dz1_inet_ftp.vcproj", "{101F4A31-7ABE-4D2A-A3B6-A5777815F506}"
	ProjectSection(ProjectDependencies) = postProject
		{8B0FE208-E2DD-489C-85D3-AFE5605A3876} = {8B0FE208-E2DD-489C-85D3-AFE5605A3876}
		{E22ED16F-3A89-45A5-A8DC-EB111252F0DF} = {E22ED16F-3A89-45A5-A8DC-EB111252F0DF}
	EndProjectSection
EndProject
Project("{8BC9CEB8-8B4A-11D0-8D11-00A0C91BC942}") = "dz1_riff", "..\..\dz1_riff\project\vc71\dz1_riff.vcproj", "{F797994E-4CED-4E79-A9BF-ACEC4D15353D}"
	ProjectSection(ProjectDependencies) = postProject
		{8B0FE208-E2DD-489C-85D3-AFE5605A3876} = {8B0FE208-E2DD-489C-85D3-AFE5605A3876}
	EndProjectSection
EndProject
Project("{8BC9CEB8-8B4A-11D0-8D11-00A0C91BC942}") = "dz1_serial_sock", "..\..\dz1_serial_sock\project\vc71\dz1_serial_sock.vcproj", "{68A01A1B-4F6B-4073-AF87-5617AC84892C}"
	ProjectSection(ProjectDependencies) = postProject
		{8B0FE208-E2DD-489C-85D3-AFE5605A3876} = {8B0FE208-E2DD-489C-85D3-AFE5605A3876}
	EndProjectSection
EndProject
Project("{8BC9CEB8-8B4A-11D0-8D11-00A0C91BC942}") = "dz1_text2array", "..\..\dz1_text2array\project\vc71\dz1_text2array.vcproj", "{A9DAC813-771B-42D1-8B6F-FC6D505702D8}"
	ProjectSection(ProjectDependencies) = postProject
	EndProjectSection
EndProject
Project("{8BC9CEB8-8B4A-11D0-8D11-00A0C91BC942}") = "dz1_text2array_gui", "..\..\dz1_text2array_gui\project\vc71\dz1_text2array_gui.vcproj", "{E86929A1-84BA-4510-807A-D2B3ADF24EF0}"
	ProjectSection(ProjectDependencies) = postProject
		{A9DAC813-771B-42D1-8B6F-FC6D505702D8} = {A9DAC813-771B-42D1-8B6F-FC6D505702D8}
		{3F968544-3D37-446C-967C-B9426F0F527A} = {3F968544-3D37-446C-967C-B9426F0F527A}
		{78EDEE71-C212-4C81-9AFF-02F055137471} = {78EDEE71-C212-4C81-9AFF-02F055137471}
		{9B4AB3EF-8C73-4BBF-8176-9E00AC6FCCC3} = {9B4AB3EF-8C73-4BBF-8176-9E00AC6FCCC3}
	EndProjectSection
EndProject
Global
	GlobalSection(SolutionConfiguration) = preSolution
		Debug = Debug
		Debug_YnH = Debug_YnH
		DebugDLL = DebugDLL
		Release = Release
		Release_YnH = Release_YnH
		ReleaseDLL = ReleaseDLL
	EndGlobalSection
	GlobalSection(ProjectDependencies) = postSolution
	EndGlobalSection
	GlobalSection(ProjectConfiguration) = postSolution
		{78EDEE71-C212-4C81-9AFF-02F055137471}.Debug.ActiveCfg = Debug|Win32
		{78EDEE71-C212-4C81-9AFF-02F055137471}.Debug.Build.0 = Debug|Win32
		{78EDEE71-C212-4C81-9AFF-02F055137471}.Debug_YnH.ActiveCfg = DebugDLL|Win32
		{78EDEE71-C212-4C81-9AFF-02F055137471}.Debug_YnH.Build.0 = DebugDLL|Win32
		{78EDEE71-C212-4C81-9AFF-02F055137471}.DebugDLL.ActiveCfg = DebugDLL|Win32
		{78EDEE71-C212-4C81-9AFF-02F055137471}.DebugDLL.Build.0 = DebugDLL|Win32
		{78EDEE71-C212-4C81-9AFF-02F055137471}.Release.ActiveCfg = Release|Win32
		{78EDEE71-C212-4C81-9AFF-02F055137471}.Release.Build.0 = Release|Win32
		{78EDEE71-C212-4C81-9AFF-02F055137471}.Release_YnH.ActiveCfg = ReleaseDLL|Win32
		{78EDEE71-C212-4C81-9AFF-02F055137471}.Release_YnH.Build.0 = ReleaseDLL|Win32
		{78EDEE71-C212-4C81-9AFF-02F055137471}.ReleaseDLL.ActiveCfg = ReleaseDLL|Win32
		{78EDEE71-C212-4C81-9AFF-02F055137471}.ReleaseDLL.Build.0 = ReleaseDLL|Win32
		{9B4AB3EF-8C73-4BBF-8176-9E00AC6FCCC3}.Debug.ActiveCfg = Debug|Win32
		{9B4AB3EF-8C73-4BBF-8176-9E00AC6FCCC3}.Debug.Build.0 = Debug|Win32
		{9B4AB3EF-8C73-4BBF-8176-9E00AC6FCCC3}.Debug_YnH.ActiveCfg = DebugDLL|Win32
		{9B4AB3EF-8C73-4BBF-8176-9E00AC6FCCC3}.Debug_YnH.Build.0 = DebugDLL|Win32
		{9B4AB3EF-8C73-4BBF-8176-9E00AC6FCCC3}.DebugDLL.ActiveCfg = DebugDLL|Win32
		{9B4AB3EF-8C73-4BBF-8176-9E00AC6FCCC3}.DebugDLL.Build.0 = DebugDLL|Win32
		{9B4AB3EF-8C73-4BBF-8176-9E00AC6FCCC3}.Release.ActiveCfg = Release|Win32
		{9B4AB3EF-8C73-4BBF-8176-9E00AC6FCCC3}.Release.Build.0 = Release|Win32
		{9B4AB3EF-8C73-4BBF-8176-9E00AC6FCCC3}.Release_YnH.ActiveCfg = ReleaseDLL|Win32
		{9B4AB3EF-8C73-4BBF-8176-9E00AC6FCCC3}.Release_YnH.Build.0 = ReleaseDLL|Win32
		{9B4AB3EF-8C73-4BBF-8176-9E00AC6FCCC3}.ReleaseDLL.ActiveCfg = ReleaseDLL|Win32
		{9B4AB3EF-8C73-4BBF-8176-9E00AC6FCCC3}.ReleaseDLL.Build.0 = ReleaseDLL|Win32
		{3F968544-3D37-446C-967C-B9426F0F527A}.Debug.ActiveCfg = Debug|Win32
		{3F968544-3D37-446C-967C-B9426F0F527A}.Debug.Build.0 = Debug|Win32
		{3F968544-3D37-446C-967C-B9426F0F527A}.Debug_YnH.ActiveCfg = DebugDLL|Win32
		{3F968544-3D37-446C-967C-B9426F0F527A}.Debug_YnH.Build.0 = DebugDLL|Win32
		{3F968544-3D37-446C-967C-B9426F0F527A}.DebugDLL.ActiveCfg = DebugDLL|Win32
		{3F968544-3D37-446C-967C-B9426F0F527A}.DebugDLL.Build.0 = DebugDLL|Win32
		{3F968544-3D37-446C-967C-B9426F0F527A}.Release.ActiveCfg = Release|Win32
		{3F968544-3D37-446C-967C-B9426F0F527A}.Release.Build.0 = Release|Win32
		{3F968544-3D37-446C-967C-B9426F0F527A}.Release_YnH.ActiveCfg = ReleaseDLL|Win32
		{3F968544-3D37-446C-967C-B9426F0F527A}.Release_YnH.Build.0 = ReleaseDLL|Win32
		{3F968544-3D37-446C-967C-B9426F0F527A}.ReleaseDLL.ActiveCfg = ReleaseDLL|Win32
		{3F968544-3D37-446C-967C-B9426F0F527A}.ReleaseDLL.Build.0 = ReleaseDLL|Win32
		{8B0FE208-E2DD-489C-85D3-AFE5605A3876}.Debug.ActiveCfg = Debug|Win32
		{8B0FE208-E2DD-489C-85D3-AFE5605A3876}.Debug.Build.0 = Debug|Win32
		{8B0FE208-E2DD-489C-85D3-AFE5605A3876}.Debug_YnH.ActiveCfg = DebugDLL|Win32
		{8B0FE208-E2DD-489C-85D3-AFE5605A3876}.Debug_YnH.Build.0 = DebugDLL|Win32
		{8B0FE208-E2DD-489C-85D3-AFE5605A3876}.DebugDLL.ActiveCfg = DebugDLL|Win32
		{8B0FE208-E2DD-489C-85D3-AFE5605A3876}.DebugDLL.Build.0 = DebugDLL|Win32
		{8B0FE208-E2DD-489C-85D3-AFE5605A3876}.Release.ActiveCfg = Release|Win32
		{8B0FE208-E2DD-489C-85D3-AFE5605A3876}.Release.Build.0 = Release|Win32
		{8B0FE208-E2DD-489C-85D3-AFE5605A3876}.Release_YnH.ActiveCfg = ReleaseDLL|Win32
		{8B0FE208-E2DD-489C-85D3-AFE5605A3876}.Release_YnH.Build.0 = ReleaseDLL|Win32
		{8B0FE208-E2DD-489C-85D3-AFE5605A3876}.ReleaseDLL.ActiveCfg = ReleaseDLL|Win32
		{8B0FE208-E2DD-489C-85D3-AFE5605A3876}.ReleaseDLL.Build.0 = ReleaseDLL|Win32
		{1078A2CA-86AA-4611-862C-BBAE31164914}.Debug.ActiveCfg = Debug|Win32
		{1078A2CA-86AA-4611-862C-BBAE31164914}.Debug.Build.0 = Debug|Win32
		{1078A2CA-86AA-4611-862C-BBAE31164914}.Debug_YnH.ActiveCfg = DebugDLL|Win32
		{1078A2CA-86AA-4611-862C-BBAE31164914}.Debug_YnH.Build.0 = DebugDLL|Win32
		{1078A2CA-86AA-4611-862C-BBAE31164914}.DebugDLL.ActiveCfg = DebugDLL|Win32
		{1078A2CA-86AA-4611-862C-BBAE31164914}.DebugDLL.Build.0 = DebugDLL|Win32
		{1078A2CA-86AA-4611-862C-BBAE31164914}.Release.ActiveCfg = Release|Win32
		{1078A2CA-86AA-4611-862C-BBAE31164914}.Release.Build.0 = Release|Win32
		{1078A2CA-86AA-4611-862C-BBAE31164914}.Release_YnH.ActiveCfg = ReleaseDLL|Win32
		{1078A2CA-86AA-4611-862C-BBAE31164914}.Release_YnH.Build.0 = ReleaseDLL|Win32
		{1078A2CA-86AA-4611-862C-BBAE31164914}.ReleaseDLL.ActiveCfg = ReleaseDLL|Win32
		{1078A2CA-86AA-4611-862C-BBAE31164914}.ReleaseDLL.Build.0 = ReleaseDLL|Win32
		{2932D29E-E1C7-45D1-A084-8B7F4607354E}.Debug.ActiveCfg = Debug|Win32
		{2932D29E-E1C7-45D1-A084-8B7F4607354E}.Debug.Build.0 = Debug|Win32
		{2932D29E-E1C7-45D1-A084-8B7F4607354E}.Debug_YnH.ActiveCfg = Debug|Win32
		{2932D29E-E1C7-45D1-A084-8B7F4607354E}.Debug_YnH.Build.0 = Debug|Win32
		{2932D29E-E1C7-45D1-A084-8B7F4607354E}.DebugDLL.ActiveCfg = Debug|Win32
		{2932D29E-E1C7-45D1-A084-8B7F4607354E}.DebugDLL.Build.0 = Debug|Win32
		{2932D29E-E1C7-45D1-A084-8B7F4607354E}.Release.ActiveCfg = Release|Win32
		{2932D29E-E1C7-45D1-A084-8B7F4607354E}.Release.Build.0 = Release|Win32
		{2932D29E-E1C7-45D1-A084-8B7F4607354E}.Release_YnH.ActiveCfg = Release|Win32
		{2932D29E-E1C7-45D1-A084-8B7F4607354E}.Release_YnH.Build.0 = Release|Win32
		{2932D29E-E1C7-45D1-A084-8B7F4607354E}.ReleaseDLL.ActiveCfg = Release|Win32
		{2932D29E-E1C7-45D1-A084-8B7F4607354E}.ReleaseDLL.Build.0 = Release|Win32
		{481C7CFA-F082-4A55-92C5-0DF2029EC8A2}.Debug.ActiveCfg = Debug|Win32
		{481C7CFA-F082-4A55-92C5-0DF2029EC8A2}.Debug.Build.0 = Debug|Win32
		{481C7CFA-F082-4A55-92C5-0DF2029EC8A2}.Debug_YnH.ActiveCfg = Debug|Win32
		{481C7CFA-F082-4A55-92C5-0DF2029EC8A2}.Debug_YnH.Build.0 = Debug|Win32
		{481C7CFA-F082-4A55-92C5-0DF2029EC8A2}.DebugDLL.ActiveCfg = Debug|Win32
		{481C7CFA-F082-4A55-92C5-0DF2029EC8A2}.DebugDLL.Build.0 = Debug|Win32
		{481C7CFA-F082-4A55-92C5-0DF2029EC8A2}.Release.ActiveCfg = Release|Win32
		{481C7CFA-F082-4A55-92C5-0DF2029EC8A2}.Release.Build.0 = Release|Win32
		{481C7CFA-F082-4A55-92C5-0DF2029EC8A2}.Release_YnH.ActiveCfg = Release|Win32
		{481C7CFA-F082-4A55-92C5-0DF2029EC8A2}.Release_YnH.Build.0 = Release|Win32
		{481C7CFA-F082-4A55-92C5-0DF2029EC8A2}.ReleaseDLL.ActiveCfg = Release|Win32
		{481C7CFA-F082-4A55-92C5-0DF2029EC8A2}.ReleaseDLL.Build.0 = Release|Win32
		{40595AE8-C73D-4EE3-AD4D-7164410EEF13}.Debug.ActiveCfg = Debug|Win32
		{40595AE8-C73D-4EE3-AD4D-7164410EEF13}.Debug.Build.0 = Debug|Win32
		{40595AE8-C73D-4EE3-AD4D-7164410EEF13}.Debug_YnH.ActiveCfg = Debug|Win32
		{40595AE8-C73D-4EE3-AD4D-7164410EEF13}.Debug_YnH.Build.0 = Debug|Win32
		{40595AE8-C73D-4EE3-AD4D-7164410EEF13}.DebugDLL.ActiveCfg = Debug|Win32
		{40595AE8-C73D-4EE3-AD4D-7164410EEF13}.DebugDLL.Build.0 = Debug|Win32
		{40595AE8-C73D-4EE3-AD4D-7164410EEF13}.Release.ActiveCfg = Release|Win32
		{40595AE8-C73D-4EE3-AD4D-7164410EEF13}.Release.Build.0 = Release|Win32
		{40595AE8-C73D-4EE3-AD4D-7164410EEF13}.Release_YnH.ActiveCfg = Release|Win32
		{40595AE8-C73D-4EE3-AD4D-7164410EEF13}.Release_YnH.Build.0 = Release|Win32
		{40595AE8-C73D-4EE3-AD4D-7164410EEF13}.ReleaseDLL.ActiveCfg = Release|Win32
		{40595AE8-C73D-4EE3-AD4D-7164410EEF13}.ReleaseDLL.Build.0 = Release|Win32
		{A472C880-9561-4B89-8157-4F40F4B71792}.Debug.ActiveCfg = Debug|Win32
		{A472C880-9561-4B89-8157-4F40F4B71792}.Debug.Build.0 = Debug|Win32
		{A472C880-9561-4B89-8157-4F40F4B71792}.Debug_YnH.ActiveCfg = Debug|Win32
		{A472C880-9561-4B89-8157-4F40F4B71792}.Debug_YnH.Build.0 = Debug|Win32
		{A472C880-9561-4B89-8157-4F40F4B71792}.DebugDLL.ActiveCfg = Debug|Win32
		{A472C880-9561-4B89-8157-4F40F4B71792}.DebugDLL.Build.0 = Debug|Win32
		{A472C880-9561-4B89-8157-4F40F4B71792}.Release.ActiveCfg = Release|Win32
		{A472C880-9561-4B89-8157-4F40F4B71792}.Release.Build.0 = Release|Win32
		{A472C880-9561-4B89-8157-4F40F4B71792}.Release_YnH.ActiveCfg = Release|Win32
		{A472C880-9561-4B89-8157-4F40F4B71792}.Release_YnH.Build.0 = Release|Win32
		{A472C880-9561-4B89-8157-4F40F4B71792}.ReleaseDLL.ActiveCfg = Release|Win32
		{A472C880-9561-4B89-8157-4F40F4B71792}.ReleaseDLL.Build.0 = Release|Win32
		{E22ED16F-3A89-45A5-A8DC-EB111252F0DF}.Debug.ActiveCfg = Debug|Win32
		{E22ED16F-3A89-45A5-A8DC-EB111252F0DF}.Debug.Build.0 = Debug|Win32
		{E22ED16F-3A89-45A5-A8DC-EB111252F0DF}.Debug_YnH.ActiveCfg = Debug|Win32
		{E22ED16F-3A89-45A5-A8DC-EB111252F0DF}.Debug_YnH.Build.0 = Debug|Win32
		{E22ED16F-3A89-45A5-A8DC-EB111252F0DF}.DebugDLL.ActiveCfg = Debug|Win32
		{E22ED16F-3A89-45A5-A8DC-EB111252F0DF}.DebugDLL.Build.0 = Debug|Win32
		{E22ED16F-3A89-45A5-A8DC-EB111252F0DF}.Release.ActiveCfg = Release|Win32
		{E22ED16F-3A89-45A5-A8DC-EB111252F0DF}.Release.Build.0 = Release|Win32
		{E22ED16F-3A89-45A5-A8DC-EB111252F0DF}.Release_YnH.ActiveCfg = Release|Win32
		{E22ED16F-3A89-45A5-A8DC-EB111252F0DF}.Release_YnH.Build.0 = Release|Win32
		{E22ED16F-3A89-45A5-A8DC-EB111252F0DF}.ReleaseDLL.ActiveCfg = Release|Win32
		{E22ED16F-3A89-45A5-A8DC-EB111252F0DF}.ReleaseDLL.Build.0 = Release|Win32
		{101F4A31-7ABE-4D2A-A3B6-A5777815F506}.Debug.ActiveCfg = Debug|Win32
		{101F4A31-7ABE-4D2A-A3B6-A5777815F506}.Debug.Build.0 = Debug|Win32
		{101F4A31-7ABE-4D2A-A3B6-A5777815F506}.Debug_YnH.ActiveCfg = Debug|Win32
		{101F4A31-7ABE-4D2A-A3B6-A5777815F506}.Debug_YnH.Build.0 = Debug|Win32
		{101F4A31-7ABE-4D2A-A3B6-A5777815F506}.DebugDLL.ActiveCfg = Debug|Win32
		{101F4A31-7ABE-4D2A-A3B6-A5777815F506}.DebugDLL.Build.0 = Debug|Win32
		{101F4A31-7ABE-4D2A-A3B6-A5777815F506}.Release.ActiveCfg = Release|Win32
		{101F4A31-7ABE-4D2A-A3B6-A5777815F506}.Release.Build.0 = Release|Win32
		{101F4A31-7ABE-4D2A-A3B6-A5777815F506}.Release_YnH.ActiveCfg = Release|Win32
		{101F4A31-7ABE-4D2A-A3B6-A5777815F506}.Release_YnH.Build.0 = Release|Win32
		{101F4A31-7ABE-4D2A-A3B6-A5777815F506}.ReleaseDLL.ActiveCfg = Release|Win32
		{101F4A31-7ABE-4D2A-A3B6-A5777815F506}.ReleaseDLL.Build.0 = Release|Win32
		{F797994E-4CED-4E79-A9BF-ACEC4D15353D}.Debug.ActiveCfg = Debug|Win32
		{F797994E-4CED-4E79-A9BF-ACEC4D15353D}.Debug.Build.0 = Debug|Win32
		{F797994E-4CED-4E79-A9BF-ACEC4D15353D}.Debug_YnH.ActiveCfg = Debug_YnH|Win32
		{F797994E-4CED-4E79-A9BF-ACEC4D15353D}.Debug_YnH.Build.0 = Debug_YnH|Win32
		{F797994E-4CED-4E79-A9BF-ACEC4D15353D}.DebugDLL.ActiveCfg = Debug_YnH|Win32
		{F797994E-4CED-4E79-A9BF-ACEC4D15353D}.DebugDLL.Build.0 = Debug_YnH|Win32
		{F797994E-4CED-4E79-A9BF-ACEC4D15353D}.Release.ActiveCfg = Release|Win32
		{F797994E-4CED-4E79-A9BF-ACEC4D15353D}.Release.Build.0 = Release|Win32
		{F797994E-4CED-4E79-A9BF-ACEC4D15353D}.Release_YnH.ActiveCfg = Release_YnH|Win32
		{F797994E-4CED-4E79-A9BF-ACEC4D15353D}.Release_YnH.Build.0 = Release_YnH|Win32
		{F797994E-4CED-4E79-A9BF-ACEC4D15353D}.ReleaseDLL.ActiveCfg = Release_YnH|Win32
		{F797994E-4CED-4E79-A9BF-ACEC4D15353D}.ReleaseDLL.Build.0 = Release_YnH|Win32
		{68A01A1B-4F6B-4073-AF87-5617AC84892C}.Debug.ActiveCfg = Debug|Win32
		{68A01A1B-4F6B-4073-AF87-5617AC84892C}.Debug.Build.0 = Debug|Win32
		{68A01A1B-4F6B-4073-AF87-5617AC84892C}.Debug_YnH.ActiveCfg = Debug|Win32
		{68A01A1B-4F6B-4073-AF87-5617AC84892C}.Debug_YnH.Build.0 = Debug|Win32
		{68A01A1B-4F6B-4073-AF87-5617AC84892C}.DebugDLL.ActiveCfg = Debug|Win32
		{68A01A1B-4F6B-4073-AF87-5617AC84892C}.DebugDLL.Build.0 = Debug|Win32
		{68A01A1B-4F6B-4073-AF87-5617AC84892C}.Release.ActiveCfg = Release|Win32
		{68A01A1B-4F6B-4073-AF87-5617AC84892C}.Release.Build.0 = Release|Win32
		{68A01A1B-4F6B-4073-AF87-5617AC84892C}.Release_YnH.ActiveCfg = Release|Win32
		{68A01A1B-4F6B-4073-AF87-5617AC84892C}.Release_YnH.Build.0 = Release|Win32
		{68A01A1B-4F6B-4073-AF87-5617AC84892C}.ReleaseDLL.ActiveCfg = Release|Win32
		{68A01A1B-4F6B-4073-AF87-5617AC84892C}.ReleaseDLL.Build.0 = Release|Win32
		{A9DAC813-771B-42D1-8B6F-FC6D505702D8}.Debug.ActiveCfg = Debug|Win32
		{A9DAC813-771B-42D1-8B6F-FC6D505702D8}.Debug.Build.0 = Debug|Win32
		{A9DAC813-771B-42D1-8B6F-FC6D505702D8}.Debug_YnH.ActiveCfg = Debug|Win32
		{A9DAC813-771B-42D1-8B6F-FC6D505702D8}.Debug_YnH.Build.0 = Debug|Win32
		{A9DAC813-771B-42D1-8B6F-FC6D505702D8}.DebugDLL.ActiveCfg = Debug|Win32
		{A9DAC813-771B-42D1-8B6F-FC6D505702D8}.DebugDLL.Build.0 = Debug|Win32
		{A9DAC813-771B-42D1-8B6F-FC6D505702D8}.Release.ActiveCfg = Release|Win32
		{A9DAC813-771B-42D1-8B6F-FC6D505702D8}.Release.Build.0 = Release|Win32
		{A9DAC813-771B-42D1-8B6F-FC6D505702D8}.Release_YnH.ActiveCfg = Release|Win32
		{A9DAC813-771B-42D1-8B6F-FC6D505702D8}.Release_YnH.Build.0 = Release|Win32
		{A9DAC813-771B-42D1-8B6F-FC6D505702D8}.ReleaseDLL.ActiveCfg = Release|Win32
		{A9DAC813-771B-42D1-8B6F-FC6D505702D8}.ReleaseDLL.Build.0 = Release|Win32
		{E86929A1-84BA-4510-807A-D2B3ADF24EF0}.Debug.ActiveCfg = Debug|Win32
		{E86929A1-84BA-4510-807A-D2B3ADF24EF0}.Debug.Build.0 = Debug|Win32
		{E86929A1-84BA-4510-807A-D2B3ADF24EF0}.Debug_YnH.ActiveCfg = Debug|Win32
		{E86929A1-84BA-4510-807A-D2B3ADF24EF0}.Debug_YnH.Build.0 = Debug|Win32
		{E86929A1-84BA-4510-807A-D2B3ADF24EF0}.DebugDLL.ActiveCfg = Debug|Win32
		{E86929A1-84BA-4510-807A-D2B3ADF24EF0}.DebugDLL.Build.0 = Debug|Win32
		{E86929A1-84BA-4510-807A-D2B3ADF24EF0}.Release.ActiveCfg = Release|Win32
		{E86929A1-84BA-4510-807A-D2B3ADF24EF0}.Release.Build.0 = Release|Win32
		{E86929A1-84BA-4510-807A-D2B3ADF24EF0}.Release_YnH.ActiveCfg = Release|Win32
		{E86929A1-84BA-4510-807A-D2B3ADF24EF0}.Release_YnH.Build.0 = Release|Win32
		{E86929A1-84BA-4510-807A-D2B3ADF24EF0}.ReleaseDLL.ActiveCfg = Release|Win32
		{E86929A1-84BA-4510-807A-D2B3ADF24EF0}.ReleaseDLL.Build.0 = Release|Win32
	EndGlobalSection
	GlobalSection(ExtensibilityGlobals) = postSolution
	EndGlobalSection
	GlobalSection(ExtensibilityAddIns) = postSolution
	EndGlobalSection
EndGlobal
