<?xml version="1.0" encoding="utf-8"?>
<Project ToolsVersion="4.0" xmlns="http://schemas.microsoft.com/developer/msbuild/2003">
  <ItemGroup>
    <Filter Include="소스 파일">
      <UniqueIdentifier>{CA2EA277-707C-41B2-93AB-590DADF4874C}</UniqueIdentifier>
      <Extensions>cpp;c;cc;cxx;c++;cppm;ixx;def;odl;idl;hpj;bat;asm;asmx</Extensions>
    </Filter>
    <Filter Include="헤더 파일">
      <UniqueIdentifier>{99549515-60E5-48D8-87B1-51B96E6350A2}</UniqueIdentifier>
      <Extensions>h;hh;hpp;hxx;h++;hm;inl;inc;ipp;xsd</Extensions>
    </Filter>
    <Filter Include="리소스 파일">
      <UniqueIdentifier>{45C9367C-3059-403E-8D70-63F9CF8D058F}</UniqueIdentifier>
      <Extensions>rc;ico;cur;bmp;dlg;rc2;rct;bin;rgs;gif;jpg;jpeg;jpe;resx;tiff;tif;png;wav;mfcribbon-ms</Extensions>
    </Filter>
  </ItemGroup>
  <ItemGroup>
    <ClCompile Include="..\..\src\dz1_system_info.c">
      <Filter>소스 파일</Filter>
    </ClCompile>
    <ClCompile Include="..\..\src\dz1_system_info_def.c">
      <Filter>소스 파일</Filter>
    </ClCompile>
  </ItemGroup>
  <ItemGroup>
    <ClInclude Include="..\..\include\dz1_system_info.h">
      <Filter>헤더 파일</Filter>
    </ClInclude>
    <ClInclude Include="..\..\include\dz1_system_info_def.h">
      <Filter>헤더 파일</Filter>
    </ClInclude>
  </ItemGroup>
  <ItemGroup>
    <CustomBuild Include="..\..\include\dz1_system_info_def.tdc">
      <Filter>헤더 파일</Filter>
    </CustomBuild>
  </ItemGroup>
</Project>