Microsoft Visual Studio Solution File, Format Version 10.00
# Visual Studio 2008
Project("{8BC9CEB8-8B4A-11D0-8D11-00A0C91BC942}") = "tdc", "..\..\..\..\..\dz1_tools\dz1_tdc\project\vc90\tdc.vcproj", "{8B0FE208-E2DD-489C-85D3-AFE5605A3876}"
	ProjectSection(ProjectDependencies) = postProject
		{78EDEE71-C212-4C81-9AFF-02F055137471} = {78EDEE71-C212-4C81-9AFF-02F055137471}
		{3F968544-3D37-446C-967C-B9426F0F527A} = {3F968544-3D37-446C-967C-B9426F0F527A}
		{9B4AB3EF-8C73-4BBF-8176-9E00AC6FCCC3} = {9B4AB3EF-8C73-4BBF-8176-9E00AC6FCCC3}
	EndProjectSection
EndProject
Project("{8BC9CEB8-8B4A-11D0-8D11-00A0C91BC942}") = "dz1", "..\..\..\..\project\vc90\dz1.vcproj", "{78EDEE71-C212-4C81-9AFF-02F055137471}"
EndProject
Project("{8BC9CEB8-8B4A-11D0-8D11-00A0C91BC942}") = "pthread", "..\..\..\..\..\..\pthreads.2\project\vc90\pthread.vcproj", "{3F968544-3D37-446C-967C-B9426F0F527A}"
EndProject
Project("{8BC9CEB8-8B4A-11D0-8D11-00A0C91BC942}") = "Dz1TcpCallbackMsg", "Dz1TcpCallbackMsg.vcproj", "{59D39987-C27B-4D0D-A36B-D80487A2F81C}"
	ProjectSection(ProjectDependencies) = postProject
		{8B0FE208-E2DD-489C-85D3-AFE5605A3876} = {8B0FE208-E2DD-489C-85D3-AFE5605A3876}
	EndProjectSection
EndProject
Project("{8BC9CEB8-8B4A-11D0-8D11-00A0C91BC942}") = "Dz1TcpCallbackMsgTest", "Dz1TcpCallbackMsgTest.vcproj", "{9B299400-AF92-40E0-982B-33737D5E58CB}"
	ProjectSection(ProjectDependencies) = postProject
		{78EDEE71-C212-4C81-9AFF-02F055137471} = {78EDEE71-C212-4C81-9AFF-02F055137471}
		{3F968544-3D37-446C-967C-B9426F0F527A} = {3F968544-3D37-446C-967C-B9426F0F527A}
		{59D39987-C27B-4D0D-A36B-D80487A2F81C} = {59D39987-C27B-4D0D-A36B-D80487A2F81C}
		{9B4AB3EF-8C73-4BBF-8176-9E00AC6FCCC3} = {9B4AB3EF-8C73-4BBF-8176-9E00AC6FCCC3}
	EndProjectSection
EndProject
Project("{8BC9CEB8-8B4A-11D0-8D11-00A0C91BC942}") = "codeconv", "..\..\..\..\..\..\codeconv\project\vc90\codeconv.vcproj", "{9B4AB3EF-8C73-4BBF-8176-9E00AC6FCCC3}"
EndProject
Global
	GlobalSection(SolutionConfigurationPlatforms) = preSolution
		Debug|Win32 = Debug|Win32
		DebugDLL|Win32 = DebugDLL|Win32
		Release|Win32 = Release|Win32
		ReleaseDLL|Win32 = ReleaseDLL|Win32
	EndGlobalSection
	GlobalSection(ProjectConfigurationPlatforms) = postSolution
		{8B0FE208-E2DD-489C-85D3-AFE5605A3876}.Debug|Win32.ActiveCfg = Debug|Win32
		{8B0FE208-E2DD-489C-85D3-AFE5605A3876}.Debug|Win32.Build.0 = Debug|Win32
		{8B0FE208-E2DD-489C-85D3-AFE5605A3876}.DebugDLL|Win32.ActiveCfg = DebugDLL|Win32
		{8B0FE208-E2DD-489C-85D3-AFE5605A3876}.DebugDLL|Win32.Build.0 = DebugDLL|Win32
		{8B0FE208-E2DD-489C-85D3-AFE5605A3876}.Release|Win32.ActiveCfg = Release|Win32
		{8B0FE208-E2DD-489C-85D3-AFE5605A3876}.Release|Win32.Build.0 = Release|Win32
		{8B0FE208-E2DD-489C-85D3-AFE5605A3876}.ReleaseDLL|Win32.ActiveCfg = ReleaseDLL|Win32
		{8B0FE208-E2DD-489C-85D3-AFE5605A3876}.ReleaseDLL|Win32.Build.0 = ReleaseDLL|Win32
		{78EDEE71-C212-4C81-9AFF-02F055137471}.Debug|Win32.ActiveCfg = Debug|Win32
		{78EDEE71-C212-4C81-9AFF-02F055137471}.Debug|Win32.Build.0 = Debug|Win32
		{78EDEE71-C212-4C81-9AFF-02F055137471}.DebugDLL|Win32.ActiveCfg = DebugDLL|Win32
		{78EDEE71-C212-4C81-9AFF-02F055137471}.DebugDLL|Win32.Build.0 = DebugDLL|Win32
		{78EDEE71-C212-4C81-9AFF-02F055137471}.Release|Win32.ActiveCfg = Release|Win32
		{78EDEE71-C212-4C81-9AFF-02F055137471}.Release|Win32.Build.0 = Release|Win32
		{78EDEE71-C212-4C81-9AFF-02F055137471}.ReleaseDLL|Win32.ActiveCfg = ReleaseDLL|Win32
		{78EDEE71-C212-4C81-9AFF-02F055137471}.ReleaseDLL|Win32.Build.0 = ReleaseDLL|Win32
		{3F968544-3D37-446C-967C-B9426F0F527A}.Debug|Win32.ActiveCfg = Debug|Win32
		{3F968544-3D37-446C-967C-B9426F0F527A}.Debug|Win32.Build.0 = Debug|Win32
		{3F968544-3D37-446C-967C-B9426F0F527A}.DebugDLL|Win32.ActiveCfg = DebugDLL|Win32
		{3F968544-3D37-446C-967C-B9426F0F527A}.DebugDLL|Win32.Build.0 = DebugDLL|Win32
		{3F968544-3D37-446C-967C-B9426F0F527A}.Release|Win32.ActiveCfg = Release|Win32
		{3F968544-3D37-446C-967C-B9426F0F527A}.Release|Win32.Build.0 = Release|Win32
		{3F968544-3D37-446C-967C-B9426F0F527A}.ReleaseDLL|Win32.ActiveCfg = ReleaseDLL|Win32
		{3F968544-3D37-446C-967C-B9426F0F527A}.ReleaseDLL|Win32.Build.0 = ReleaseDLL|Win32
		{59D39987-C27B-4D0D-A36B-D80487A2F81C}.Debug|Win32.ActiveCfg = Debug|Win32
		{59D39987-C27B-4D0D-A36B-D80487A2F81C}.Debug|Win32.Build.0 = Debug|Win32
		{59D39987-C27B-4D0D-A36B-D80487A2F81C}.DebugDLL|Win32.ActiveCfg = Debug|Win32
		{59D39987-C27B-4D0D-A36B-D80487A2F81C}.DebugDLL|Win32.Build.0 = Debug|Win32
		{59D39987-C27B-4D0D-A36B-D80487A2F81C}.Release|Win32.ActiveCfg = Release|Win32
		{59D39987-C27B-4D0D-A36B-D80487A2F81C}.Release|Win32.Build.0 = Release|Win32
		{59D39987-C27B-4D0D-A36B-D80487A2F81C}.ReleaseDLL|Win32.ActiveCfg = Release|Win32
		{59D39987-C27B-4D0D-A36B-D80487A2F81C}.ReleaseDLL|Win32.Build.0 = Release|Win32
		{9B299400-AF92-40E0-982B-33737D5E58CB}.Debug|Win32.ActiveCfg = Debug|Win32
		{9B299400-AF92-40E0-982B-33737D5E58CB}.Debug|Win32.Build.0 = Debug|Win32
		{9B299400-AF92-40E0-982B-33737D5E58CB}.DebugDLL|Win32.ActiveCfg = Debug|Win32
		{9B299400-AF92-40E0-982B-33737D5E58CB}.DebugDLL|Win32.Build.0 = Debug|Win32
		{9B299400-AF92-40E0-982B-33737D5E58CB}.Release|Win32.ActiveCfg = Release|Win32
		{9B299400-AF92-40E0-982B-33737D5E58CB}.Release|Win32.Build.0 = Release|Win32
		{9B299400-AF92-40E0-982B-33737D5E58CB}.ReleaseDLL|Win32.ActiveCfg = Release|Win32
		{9B299400-AF92-40E0-982B-33737D5E58CB}.ReleaseDLL|Win32.Build.0 = Release|Win32
		{9B4AB3EF-8C73-4BBF-8176-9E00AC6FCCC3}.Debug|Win32.ActiveCfg = Debug|Win32
		{9B4AB3EF-8C73-4BBF-8176-9E00AC6FCCC3}.Debug|Win32.Build.0 = Debug|Win32
		{9B4AB3EF-8C73-4BBF-8176-9E00AC6FCCC3}.DebugDLL|Win32.ActiveCfg = DebugDLL|Win32
		{9B4AB3EF-8C73-4BBF-8176-9E00AC6FCCC3}.DebugDLL|Win32.Build.0 = DebugDLL|Win32
		{9B4AB3EF-8C73-4BBF-8176-9E00AC6FCCC3}.Release|Win32.ActiveCfg = Release|Win32
		{9B4AB3EF-8C73-4BBF-8176-9E00AC6FCCC3}.Release|Win32.Build.0 = Release|Win32
		{9B4AB3EF-8C73-4BBF-8176-9E00AC6FCCC3}.ReleaseDLL|Win32.ActiveCfg = ReleaseDLL|Win32
		{9B4AB3EF-8C73-4BBF-8176-9E00AC6FCCC3}.ReleaseDLL|Win32.Build.0 = ReleaseDLL|Win32
	EndGlobalSection
	GlobalSection(SolutionProperties) = preSolution
		HideSolutionNode = FALSE
	EndGlobalSection
EndGlobal
