<?xml version="1.0" encoding="utf-8"?>
<Project ToolsVersion="4.0" xmlns="http://schemas.microsoft.com/developer/msbuild/2003">
  <ItemGroup>
    <Filter Include="소스 파일">
      <UniqueIdentifier>{3A59DD69-74E1-4543-9ADC-7380B21DC6D7}</UniqueIdentifier>
      <Extensions>cpp;c;cc;cxx;c++;cppm;ixx;def;odl;idl;hpj;bat;asm;asmx</Extensions>
    </Filter>
    <Filter Include="헤더 파일">
      <UniqueIdentifier>{274FF666-5CFF-445E-9325-1F6DAEB56398}</UniqueIdentifier>
      <Extensions>h;hh;hpp;hxx;h++;hm;inl;inc;ipp;xsd</Extensions>
    </Filter>
    <Filter Include="리소스 파일">
      <UniqueIdentifier>{85E80514-1975-4404-8A7F-59AC51AEB2CA}</UniqueIdentifier>
      <Extensions>rc;ico;cur;bmp;dlg;rc2;rct;bin;rgs;gif;jpg;jpeg;jpe;resx;tiff;tif;png;wav;mfcribbon-ms</Extensions>
    </Filter>
    <Filter Include="소스 파일\engine">
      <UniqueIdentifier>{CFF961BD-DC1F-4471-84DF-9059FC93DC2C}</UniqueIdentifier>
    </Filter>
    <Filter Include="소스 파일\message">
      <UniqueIdentifier>{339EA5B1-3AC0-41B9-8FE1-B5115E33C1BA}</UniqueIdentifier>
    </Filter>
  </ItemGroup>
  <ItemGroup>
    <ClCompile Include="..\..\src\ScenarioEngine.c">
      <Filter>소스 파일</Filter>
    </ClCompile>
    <ClCompile Include="..\..\src\ScenarioEngineDef.c">
      <Filter>소스 파일</Filter>
    </ClCompile>
    <ClCompile Include="..\..\src\ScenarioEngineArg.c">
      <Filter>소스 파일\engine</Filter>
    </ClCompile>
    <ClCompile Include="..\..\src\ScenarioEngineEnv.c">
      <Filter>소스 파일\engine</Filter>
    </ClCompile>
    <ClCompile Include="..\..\src\ScenarioEngineTimer.c">
      <Filter>소스 파일\engine</Filter>
    </ClCompile>
    <ClCompile Include="..\..\src\ScenarioEngineTimerUtil.c">
      <Filter>소스 파일\engine</Filter>
    </ClCompile>
    <ClCompile Include="..\..\src\ScenarioEngineMsgs.c">
      <Filter>소스 파일\message</Filter>
    </ClCompile>
    <ClCompile Include="..\..\src\ScenarioEngineEnvUtil.c">
      <Filter>소스 파일\engine</Filter>
    </ClCompile>
    <ClCompile Include="..\..\src\ScenarioEngineMsgWebSock.c">
      <Filter>소스 파일\message</Filter>
    </ClCompile>
    <ClCompile Include="..\..\src\ScenarioEngineMsgIPC.c">
      <Filter>소스 파일\message</Filter>
    </ClCompile>
  </ItemGroup>
  <ItemGroup>
    <ClInclude Include="..\..\include\ScenarioEngine.h">
      <Filter>헤더 파일</Filter>
    </ClInclude>
    <ClInclude Include="..\..\include\ScenarioEngineDef.h">
      <Filter>헤더 파일</Filter>
    </ClInclude>
    <ClInclude Include="..\..\src\ScenarioEngineArg.h">
      <Filter>소스 파일\engine</Filter>
    </ClInclude>
    <ClInclude Include="..\..\src\ScenarioEngineEnv.h">
      <Filter>소스 파일\engine</Filter>
    </ClInclude>
    <ClInclude Include="..\..\src\ScenarioEngineTimer.h">
      <Filter>소스 파일\engine</Filter>
    </ClInclude>
    <ClInclude Include="..\..\src\ScenarioEngineTimerUtil.h">
      <Filter>소스 파일\engine</Filter>
    </ClInclude>
    <ClInclude Include="..\..\src\ScenarioEngineMsg.h">
      <Filter>소스 파일\message</Filter>
    </ClInclude>
    <ClInclude Include="..\..\src\ScenarioEngineMsgs.h">
      <Filter>소스 파일\message</Filter>
    </ClInclude>
    <ClInclude Include="..\..\src\ScenarioEngineEnvUtil.h">
      <Filter>소스 파일\engine</Filter>
    </ClInclude>
  </ItemGroup>
  <ItemGroup>
    <CustomBuild Include="..\..\include\ScenarioEngineDef.tdc">
      <Filter>헤더 파일</Filter>
    </CustomBuild>
    <CustomBuild Include="..\..\src\ScenarioEngineArg.tdc">
      <Filter>소스 파일\engine</Filter>
    </CustomBuild>
    <CustomBuild Include="..\..\src\ScenarioEngineEnv.tdc">
      <Filter>소스 파일\engine</Filter>
    </CustomBuild>
    <CustomBuild Include="..\..\src\ScenarioEngineTimer.tdc">
      <Filter>소스 파일\engine</Filter>
    </CustomBuild>
    <CustomBuild Include="..\..\src\ScenarioEngineMsgs.tdc">
      <Filter>소스 파일\message</Filter>
    </CustomBuild>
  </ItemGroup>
</Project>