Microsoft Visual Studio Solution File, Format Version 10.00
# Visual Studio 2008
Project("{8BC9CEB8-8B4A-11D0-8D11-00A0C91BC942}") = "dz1", "..\..\..\..\project\vc90\dz1.vcproj", "{78EDEE71-C212-4C81-9AFF-02F055137471}"
EndProject
Project("{8BC9CEB8-8B4A-11D0-8D11-00A0C91BC942}") = "Dz1TcpCallbackServerTest", "Dz1TcpCallbackServerTest.vcproj", "{8041C0AC-97D3-493D-B948-9175B7E28C58}"
	ProjectSection(ProjectDependencies) = postProject
		{3F968544-3D37-446C-967C-B9426F0F527A} = {3F968544-3D37-446C-967C-B9426F0F527A}
		{78EDEE71-C212-4C81-9AFF-02F055137471} = {78EDEE71-C212-4C81-9AFF-02F055137471}
		{B39E70CE-26F3-4F7E-9075-66D7673A2D8E} = {B39E70CE-26F3-4F7E-9075-66D7673A2D8E}
		{9B4AB3EF-8C73-4BBF-8176-9E00AC6FCCC3} = {9B4AB3EF-8C73-4BBF-8176-9E00AC6FCCC3}
	EndProjectSection
EndProject
Project("{8BC9CEB8-8B4A-11D0-8D11-00A0C91BC942}") = "Dz1TcpCallbackServer", "Dz1TcpCallbackServer.vcproj", "{B39E70CE-26F3-4F7E-9075-66D7673A2D8E}"
	ProjectSection(ProjectDependencies) = postProject
		{555AE26C-E7E0-45B7-A641-A8E554786F8D} = {555AE26C-E7E0-45B7-A641-A8E554786F8D}
		{59D39987-C27B-4D0D-A36B-D80487A2F81C} = {59D39987-C27B-4D0D-A36B-D80487A2F81C}
	EndProjectSection
EndProject
Project("{8BC9CEB8-8B4A-11D0-8D11-00A0C91BC942}") = "codeconv", "..\..\..\..\..\..\codeconv\project\vc90\codeconv.vcproj", "{9B4AB3EF-8C73-4BBF-8176-9E00AC6FCCC3}"
EndProject
Project("{8BC9CEB8-8B4A-11D0-8D11-00A0C91BC942}") = "pthread", "..\..\..\..\..\..\pthreads.2\project\vc90\pthread.vcproj", "{3F968544-3D37-446C-967C-B9426F0F527A}"
EndProject
Project("{8BC9CEB8-8B4A-11D0-8D11-00A0C91BC942}") = "Dz1TcpCallbackMsg", "..\..\..\Dz1TcpCallbackMsg\project\vc90\Dz1TcpCallbackMsg.vcproj", "{59D39987-C27B-4D0D-A36B-D80487A2F81C}"
	ProjectSection(ProjectDependencies) = postProject
		{555AE26C-E7E0-45B7-A641-A8E554786F8D} = {555AE26C-E7E0-45B7-A641-A8E554786F8D}
	EndProjectSection
EndProject
Project("{8BC9CEB8-8B4A-11D0-8D11-00A0C91BC942}") = "dz1_tdc_info", "..\..\..\..\..\dz1_tools\dz1_tdc_info\project\vc90\dz1_tdc_info.vcproj", "{411B94EC-4C72-499F-9D0C-38BBE46E6177}"
EndProject
Project("{8BC9CEB8-8B4A-11D0-8D11-00A0C91BC942}") = "dz1_tdc", "..\..\..\..\..\dz1_tools\dz1_tdc\project\vc90\dz1_tdc.vcproj", "{555AE26C-E7E0-45B7-A641-A8E554786F8D}"
	ProjectSection(ProjectDependencies) = postProject
		{3F968544-3D37-446C-967C-B9426F0F527A} = {3F968544-3D37-446C-967C-B9426F0F527A}
		{78EDEE71-C212-4C81-9AFF-02F055137471} = {78EDEE71-C212-4C81-9AFF-02F055137471}
		{411B94EC-4C72-499F-9D0C-38BBE46E6177} = {411B94EC-4C72-499F-9D0C-38BBE46E6177}
		{9B4AB3EF-8C73-4BBF-8176-9E00AC6FCCC3} = {9B4AB3EF-8C73-4BBF-8176-9E00AC6FCCC3}
	EndProjectSection
EndProject
Global
	GlobalSection(SolutionConfigurationPlatforms) = preSolution
		Debug|Win32 = Debug|Win32
		DebugDLL|Win32 = DebugDLL|Win32
		DebugWithSSL|Win32 = DebugWithSSL|Win32
		Release|Win32 = Release|Win32
		ReleaseDLL|Win32 = ReleaseDLL|Win32
	EndGlobalSection
	GlobalSection(ProjectConfigurationPlatforms) = postSolution
		{78EDEE71-C212-4C81-9AFF-02F055137471}.Debug|Win32.ActiveCfg = Debug|Win32
		{78EDEE71-C212-4C81-9AFF-02F055137471}.Debug|Win32.Build.0 = Debug|Win32
		{78EDEE71-C212-4C81-9AFF-02F055137471}.DebugDLL|Win32.ActiveCfg = DebugDLL|Win32
		{78EDEE71-C212-4C81-9AFF-02F055137471}.DebugDLL|Win32.Build.0 = DebugDLL|Win32
		{78EDEE71-C212-4C81-9AFF-02F055137471}.DebugWithSSL|Win32.ActiveCfg = DebugWithSSL|Win32
		{78EDEE71-C212-4C81-9AFF-02F055137471}.DebugWithSSL|Win32.Build.0 = DebugWithSSL|Win32
		{78EDEE71-C212-4C81-9AFF-02F055137471}.Release|Win32.ActiveCfg = Release|Win32
		{78EDEE71-C212-4C81-9AFF-02F055137471}.Release|Win32.Build.0 = Release|Win32
		{78EDEE71-C212-4C81-9AFF-02F055137471}.ReleaseDLL|Win32.ActiveCfg = ReleaseDLL|Win32
		{78EDEE71-C212-4C81-9AFF-02F055137471}.ReleaseDLL|Win32.Build.0 = ReleaseDLL|Win32
		{8041C0AC-97D3-493D-B948-9175B7E28C58}.Debug|Win32.ActiveCfg = Debug|Win32
		{8041C0AC-97D3-493D-B948-9175B7E28C58}.Debug|Win32.Build.0 = Debug|Win32
		{8041C0AC-97D3-493D-B948-9175B7E28C58}.DebugDLL|Win32.ActiveCfg = Debug|Win32
		{8041C0AC-97D3-493D-B948-9175B7E28C58}.DebugDLL|Win32.Build.0 = Debug|Win32
		{8041C0AC-97D3-493D-B948-9175B7E28C58}.DebugWithSSL|Win32.ActiveCfg = DebugWithSSL|Win32
		{8041C0AC-97D3-493D-B948-9175B7E28C58}.DebugWithSSL|Win32.Build.0 = DebugWithSSL|Win32
		{8041C0AC-97D3-493D-B948-9175B7E28C58}.Release|Win32.ActiveCfg = Release|Win32
		{8041C0AC-97D3-493D-B948-9175B7E28C58}.Release|Win32.Build.0 = Release|Win32
		{8041C0AC-97D3-493D-B948-9175B7E28C58}.ReleaseDLL|Win32.ActiveCfg = Release|Win32
		{8041C0AC-97D3-493D-B948-9175B7E28C58}.ReleaseDLL|Win32.Build.0 = Release|Win32
		{B39E70CE-26F3-4F7E-9075-66D7673A2D8E}.Debug|Win32.ActiveCfg = Debug|Win32
		{B39E70CE-26F3-4F7E-9075-66D7673A2D8E}.Debug|Win32.Build.0 = Debug|Win32
		{B39E70CE-26F3-4F7E-9075-66D7673A2D8E}.DebugDLL|Win32.ActiveCfg = Debug|Win32
		{B39E70CE-26F3-4F7E-9075-66D7673A2D8E}.DebugDLL|Win32.Build.0 = Debug|Win32
		{B39E70CE-26F3-4F7E-9075-66D7673A2D8E}.DebugWithSSL|Win32.ActiveCfg = DebugWithSSL|Win32
		{B39E70CE-26F3-4F7E-9075-66D7673A2D8E}.DebugWithSSL|Win32.Build.0 = DebugWithSSL|Win32
		{B39E70CE-26F3-4F7E-9075-66D7673A2D8E}.Release|Win32.ActiveCfg = Release|Win32
		{B39E70CE-26F3-4F7E-9075-66D7673A2D8E}.Release|Win32.Build.0 = Release|Win32
		{B39E70CE-26F3-4F7E-9075-66D7673A2D8E}.ReleaseDLL|Win32.ActiveCfg = Release|Win32
		{B39E70CE-26F3-4F7E-9075-66D7673A2D8E}.ReleaseDLL|Win32.Build.0 = Release|Win32
		{9B4AB3EF-8C73-4BBF-8176-9E00AC6FCCC3}.Debug|Win32.ActiveCfg = Debug|Win32
		{9B4AB3EF-8C73-4BBF-8176-9E00AC6FCCC3}.Debug|Win32.Build.0 = Debug|Win32
		{9B4AB3EF-8C73-4BBF-8176-9E00AC6FCCC3}.DebugDLL|Win32.ActiveCfg = DebugDLL|Win32
		{9B4AB3EF-8C73-4BBF-8176-9E00AC6FCCC3}.DebugDLL|Win32.Build.0 = DebugDLL|Win32
		{9B4AB3EF-8C73-4BBF-8176-9E00AC6FCCC3}.DebugWithSSL|Win32.ActiveCfg = Debug|Win32
		{9B4AB3EF-8C73-4BBF-8176-9E00AC6FCCC3}.DebugWithSSL|Win32.Build.0 = Debug|Win32
		{9B4AB3EF-8C73-4BBF-8176-9E00AC6FCCC3}.Release|Win32.ActiveCfg = Release|Win32
		{9B4AB3EF-8C73-4BBF-8176-9E00AC6FCCC3}.Release|Win32.Build.0 = Release|Win32
		{9B4AB3EF-8C73-4BBF-8176-9E00AC6FCCC3}.ReleaseDLL|Win32.ActiveCfg = ReleaseDLL|Win32
		{9B4AB3EF-8C73-4BBF-8176-9E00AC6FCCC3}.ReleaseDLL|Win32.Build.0 = ReleaseDLL|Win32
		{3F968544-3D37-446C-967C-B9426F0F527A}.Debug|Win32.ActiveCfg = Debug|Win32
		{3F968544-3D37-446C-967C-B9426F0F527A}.Debug|Win32.Build.0 = Debug|Win32
		{3F968544-3D37-446C-967C-B9426F0F527A}.DebugDLL|Win32.ActiveCfg = DebugDLL|Win32
		{3F968544-3D37-446C-967C-B9426F0F527A}.DebugDLL|Win32.Build.0 = DebugDLL|Win32
		{3F968544-3D37-446C-967C-B9426F0F527A}.DebugWithSSL|Win32.ActiveCfg = Debug|Win32
		{3F968544-3D37-446C-967C-B9426F0F527A}.DebugWithSSL|Win32.Build.0 = Debug|Win32
		{3F968544-3D37-446C-967C-B9426F0F527A}.Release|Win32.ActiveCfg = Release|Win32
		{3F968544-3D37-446C-967C-B9426F0F527A}.Release|Win32.Build.0 = Release|Win32
		{3F968544-3D37-446C-967C-B9426F0F527A}.ReleaseDLL|Win32.ActiveCfg = ReleaseDLL|Win32
		{3F968544-3D37-446C-967C-B9426F0F527A}.ReleaseDLL|Win32.Build.0 = ReleaseDLL|Win32
		{59D39987-C27B-4D0D-A36B-D80487A2F81C}.Debug|Win32.ActiveCfg = Debug|Win32
		{59D39987-C27B-4D0D-A36B-D80487A2F81C}.Debug|Win32.Build.0 = Debug|Win32
		{59D39987-C27B-4D0D-A36B-D80487A2F81C}.DebugDLL|Win32.ActiveCfg = Debug|Win32
		{59D39987-C27B-4D0D-A36B-D80487A2F81C}.DebugDLL|Win32.Build.0 = Debug|Win32
		{59D39987-C27B-4D0D-A36B-D80487A2F81C}.DebugWithSSL|Win32.ActiveCfg = Debug|Win32
		{59D39987-C27B-4D0D-A36B-D80487A2F81C}.DebugWithSSL|Win32.Build.0 = Debug|Win32
		{59D39987-C27B-4D0D-A36B-D80487A2F81C}.Release|Win32.ActiveCfg = Release|Win32
		{59D39987-C27B-4D0D-A36B-D80487A2F81C}.Release|Win32.Build.0 = Release|Win32
		{59D39987-C27B-4D0D-A36B-D80487A2F81C}.ReleaseDLL|Win32.ActiveCfg = Release|Win32
		{59D39987-C27B-4D0D-A36B-D80487A2F81C}.ReleaseDLL|Win32.Build.0 = Release|Win32
		{411B94EC-4C72-499F-9D0C-38BBE46E6177}.Debug|Win32.ActiveCfg = Debug|Win32
		{411B94EC-4C72-499F-9D0C-38BBE46E6177}.Debug|Win32.Build.0 = Debug|Win32
		{411B94EC-4C72-499F-9D0C-38BBE46E6177}.DebugDLL|Win32.ActiveCfg = DebugDLL|Win32
		{411B94EC-4C72-499F-9D0C-38BBE46E6177}.DebugDLL|Win32.Build.0 = DebugDLL|Win32
		{411B94EC-4C72-499F-9D0C-38BBE46E6177}.DebugWithSSL|Win32.ActiveCfg = DebugDLL|Win32
		{411B94EC-4C72-499F-9D0C-38BBE46E6177}.DebugWithSSL|Win32.Build.0 = DebugDLL|Win32
		{411B94EC-4C72-499F-9D0C-38BBE46E6177}.Release|Win32.ActiveCfg = Release|Win32
		{411B94EC-4C72-499F-9D0C-38BBE46E6177}.Release|Win32.Build.0 = Release|Win32
		{411B94EC-4C72-499F-9D0C-38BBE46E6177}.ReleaseDLL|Win32.ActiveCfg = ReleaseDLL|Win32
		{411B94EC-4C72-499F-9D0C-38BBE46E6177}.ReleaseDLL|Win32.Build.0 = ReleaseDLL|Win32
		{555AE26C-E7E0-45B7-A641-A8E554786F8D}.Debug|Win32.ActiveCfg = Debug|Win32
		{555AE26C-E7E0-45B7-A641-A8E554786F8D}.Debug|Win32.Build.0 = Debug|Win32
		{555AE26C-E7E0-45B7-A641-A8E554786F8D}.DebugDLL|Win32.ActiveCfg = DebugDLL|Win32
		{555AE26C-E7E0-45B7-A641-A8E554786F8D}.DebugDLL|Win32.Build.0 = DebugDLL|Win32
		{555AE26C-E7E0-45B7-A641-A8E554786F8D}.DebugWithSSL|Win32.ActiveCfg = DebugDLL|Win32
		{555AE26C-E7E0-45B7-A641-A8E554786F8D}.DebugWithSSL|Win32.Build.0 = DebugDLL|Win32
		{555AE26C-E7E0-45B7-A641-A8E554786F8D}.Release|Win32.ActiveCfg = Release|Win32
		{555AE26C-E7E0-45B7-A641-A8E554786F8D}.Release|Win32.Build.0 = Release|Win32
		{555AE26C-E7E0-45B7-A641-A8E554786F8D}.ReleaseDLL|Win32.ActiveCfg = ReleaseDLL|Win32
		{555AE26C-E7E0-45B7-A641-A8E554786F8D}.ReleaseDLL|Win32.Build.0 = ReleaseDLL|Win32
	EndGlobalSection
	GlobalSection(SolutionProperties) = preSolution
		HideSolutionNode = FALSE
	EndGlobalSection
EndGlobal
