Microsoft Visual Studio Solution File, Format Version 8.00
Project("{8BC9CEB8-8B4A-11D0-8D11-00A0C91BC942}") = "dz1_todec", "dz1_todec.vcproj", "{A39EAD53-CD42-4309-88F5-A593C6B61524}"
	ProjectSection(ProjectDependencies) = postProject
		{8B0FE208-E2DD-489C-85D3-AFE5605A3876} = {8B0FE208-E2DD-489C-85D3-AFE5605A3876}
	EndProjectSection
EndProject
Project("{8BC9CEB8-8B4A-11D0-8D11-00A0C91BC942}") = "dz1_todecTest", "dz1_todecTest.vcproj", "{E99DD646-7434-4D92-95D5-5AA8136BE235}"
	ProjectSection(ProjectDependencies) = postProject
		{9B4AB3EF-8C73-4BBF-8176-9E00AC6FCCC3} = {9B4AB3EF-8C73-4BBF-8176-9E00AC6FCCC3}
		{78EDEE71-C212-4C81-9AFF-02F055137471} = {78EDEE71-C212-4C81-9AFF-02F055137471}
		{8B0FE208-E2DD-489C-85D3-AFE5605A3876} = {8B0FE208-E2DD-489C-85D3-AFE5605A3876}
		{A39EAD53-CD42-4309-88F5-A593C6B61524} = {A39EAD53-CD42-4309-88F5-A593C6B61524}
		{3F968544-3D37-446C-967C-B9426F0F527A} = {3F968544-3D37-446C-967C-B9426F0F527A}
	EndProjectSection
EndProject
Project("{8BC9CEB8-8B4A-11D0-8D11-00A0C91BC942}") = "dz1_tdc", "..\..\..\dz1_tdc\project\vc71\dz1_tdc.vcproj", "{8B0FE208-E2DD-489C-85D3-AFE5605A3876}"
	ProjectSection(ProjectDependencies) = postProject
		{9B4AB3EF-8C73-4BBF-8176-9E00AC6FCCC3} = {9B4AB3EF-8C73-4BBF-8176-9E00AC6FCCC3}
		{78EDEE71-C212-4C81-9AFF-02F055137471} = {78EDEE71-C212-4C81-9AFF-02F055137471}
		{98E302A5-A60F-4242-8B7D-EAF3323C6647} = {98E302A5-A60F-4242-8B7D-EAF3323C6647}
		{3F968544-3D37-446C-967C-B9426F0F527A} = {3F968544-3D37-446C-967C-B9426F0F527A}
	EndProjectSection
EndProject
Project("{8BC9CEB8-8B4A-11D0-8D11-00A0C91BC942}") = "codeconv", "..\..\..\..\..\codeconv\project\vc71\codeconv.vcproj", "{9B4AB3EF-8C73-4BBF-8176-9E00AC6FCCC3}"
	ProjectSection(ProjectDependencies) = postProject
	EndProjectSection
EndProject
Project("{8BC9CEB8-8B4A-11D0-8D11-00A0C91BC942}") = "dz1", "..\..\..\..\dz1\project\vc71\dz1.vcproj", "{78EDEE71-C212-4C81-9AFF-02F055137471}"
	ProjectSection(ProjectDependencies) = postProject
	EndProjectSection
EndProject
Project("{8BC9CEB8-8B4A-11D0-8D11-00A0C91BC942}") = "pthread", "..\..\..\..\..\pthreads.2\project\vc71\pthread.vcproj", "{3F968544-3D37-446C-967C-B9426F0F527A}"
	ProjectSection(ProjectDependencies) = postProject
	EndProjectSection
EndProject
Project("{8BC9CEB8-8B4A-11D0-8D11-00A0C91BC942}") = "dz1_tdc_info", "..\..\..\dz1_tdc_info\project\vc71\dz1_tdc_info.vcproj", "{98E302A5-A60F-4242-8B7D-EAF3323C6647}"
	ProjectSection(ProjectDependencies) = postProject
	EndProjectSection
EndProject
Global
	GlobalSection(SolutionConfiguration) = preSolution
		Release = Release
		Debug = Debug
		ReleaseDLL = ReleaseDLL
		DebugDLL = DebugDLL
		DebugWithSSL|Win32 = DebugWithSSL|Win32
	EndGlobalSection
	GlobalSection(ProjectDependencies) = postSolution
	EndGlobalSection
	GlobalSection(ProjectConfiguration) = postSolution
		{A39EAD53-CD42-4309-88F5-A593C6B61524}.Release.ActiveCfg = Release|Win32
		{A39EAD53-CD42-4309-88F5-A593C6B61524}.Release.Build.0 = Release|Win32
		{A39EAD53-CD42-4309-88F5-A593C6B61524}.Debug.ActiveCfg = Debug|Win32
		{A39EAD53-CD42-4309-88F5-A593C6B61524}.Debug.Build.0 = Debug|Win32
		{A39EAD53-CD42-4309-88F5-A593C6B61524}.ReleaseDLL.ActiveCfg = ReleaseDLL|Win32
		{A39EAD53-CD42-4309-88F5-A593C6B61524}.ReleaseDLL.Build.0 = ReleaseDLL|Win32
		{A39EAD53-CD42-4309-88F5-A593C6B61524}.DebugDLL.ActiveCfg = DebugDLL|Win32
		{A39EAD53-CD42-4309-88F5-A593C6B61524}.DebugDLL.Build.0 = DebugDLL|Win32
		{A39EAD53-CD42-4309-88F5-A593C6B61524}.DebugWithSSL.ActiveCfg = Debug|Win32
		{A39EAD53-CD42-4309-88F5-A593C6B61524}.DebugWithSSL.Build.0 = Debug|Win32
		{E99DD646-7434-4D92-95D5-5AA8136BE235}.Release.ActiveCfg = Release|Win32
		{E99DD646-7434-4D92-95D5-5AA8136BE235}.Release.Build.0 = Release|Win32
		{E99DD646-7434-4D92-95D5-5AA8136BE235}.Debug.ActiveCfg = Debug|Win32
		{E99DD646-7434-4D92-95D5-5AA8136BE235}.Debug.Build.0 = Debug|Win32
		{E99DD646-7434-4D92-95D5-5AA8136BE235}.ReleaseDLL.ActiveCfg = ReleaseDLL|Win32
		{E99DD646-7434-4D92-95D5-5AA8136BE235}.ReleaseDLL.Build.0 = ReleaseDLL|Win32
		{E99DD646-7434-4D92-95D5-5AA8136BE235}.DebugDLL.ActiveCfg = DebugDLL|Win32
		{E99DD646-7434-4D92-95D5-5AA8136BE235}.DebugDLL.Build.0 = DebugDLL|Win32
		{E99DD646-7434-4D92-95D5-5AA8136BE235}.DebugWithSSL.ActiveCfg = Debug|Win32
		{E99DD646-7434-4D92-95D5-5AA8136BE235}.DebugWithSSL.Build.0 = Debug|Win32
		{8B0FE208-E2DD-489C-85D3-AFE5605A3876}.Release.ActiveCfg = Release|Win32
		{8B0FE208-E2DD-489C-85D3-AFE5605A3876}.Release.Build.0 = Release|Win32
		{8B0FE208-E2DD-489C-85D3-AFE5605A3876}.Debug.ActiveCfg = Debug|Win32
		{8B0FE208-E2DD-489C-85D3-AFE5605A3876}.Debug.Build.0 = Debug|Win32
		{8B0FE208-E2DD-489C-85D3-AFE5605A3876}.ReleaseDLL.ActiveCfg = ReleaseDLL|Win32
		{8B0FE208-E2DD-489C-85D3-AFE5605A3876}.ReleaseDLL.Build.0 = ReleaseDLL|Win32
		{8B0FE208-E2DD-489C-85D3-AFE5605A3876}.DebugDLL.ActiveCfg = DebugDLL|Win32
		{8B0FE208-E2DD-489C-85D3-AFE5605A3876}.DebugDLL.Build.0 = DebugDLL|Win32
		{8B0FE208-E2DD-489C-85D3-AFE5605A3876}.DebugWithSSL.ActiveCfg = Debug|Win32
		{8B0FE208-E2DD-489C-85D3-AFE5605A3876}.DebugWithSSL.Build.0 = Debug|Win32
		{9B4AB3EF-8C73-4BBF-8176-9E00AC6FCCC3}.Release.ActiveCfg = Release|Win32
		{9B4AB3EF-8C73-4BBF-8176-9E00AC6FCCC3}.Release.Build.0 = Release|Win32
		{9B4AB3EF-8C73-4BBF-8176-9E00AC6FCCC3}.Debug.ActiveCfg = Debug|Win32
		{9B4AB3EF-8C73-4BBF-8176-9E00AC6FCCC3}.Debug.Build.0 = Debug|Win32
		{9B4AB3EF-8C73-4BBF-8176-9E00AC6FCCC3}.ReleaseDLL.ActiveCfg = ReleaseDLL|Win32
		{9B4AB3EF-8C73-4BBF-8176-9E00AC6FCCC3}.ReleaseDLL.Build.0 = ReleaseDLL|Win32
		{9B4AB3EF-8C73-4BBF-8176-9E00AC6FCCC3}.DebugDLL.ActiveCfg = DebugDLL|Win32
		{9B4AB3EF-8C73-4BBF-8176-9E00AC6FCCC3}.DebugDLL.Build.0 = DebugDLL|Win32
		{9B4AB3EF-8C73-4BBF-8176-9E00AC6FCCC3}.DebugWithSSL.ActiveCfg = Debug|Win32
		{9B4AB3EF-8C73-4BBF-8176-9E00AC6FCCC3}.DebugWithSSL.Build.0 = Debug|Win32
		{78EDEE71-C212-4C81-9AFF-02F055137471}.Release.ActiveCfg = Release|Win32
		{78EDEE71-C212-4C81-9AFF-02F055137471}.Release.Build.0 = Release|Win32
		{78EDEE71-C212-4C81-9AFF-02F055137471}.Debug.ActiveCfg = Debug|Win32
		{78EDEE71-C212-4C81-9AFF-02F055137471}.Debug.Build.0 = Debug|Win32
		{78EDEE71-C212-4C81-9AFF-02F055137471}.ReleaseDLL.ActiveCfg = ReleaseDLL|Win32
		{78EDEE71-C212-4C81-9AFF-02F055137471}.ReleaseDLL.Build.0 = ReleaseDLL|Win32
		{78EDEE71-C212-4C81-9AFF-02F055137471}.DebugDLL.ActiveCfg = DebugDLL|Win32
		{78EDEE71-C212-4C81-9AFF-02F055137471}.DebugDLL.Build.0 = DebugDLL|Win32
		{78EDEE71-C212-4C81-9AFF-02F055137471}.DebugWithSSL.ActiveCfg = Debug|Win32
		{78EDEE71-C212-4C81-9AFF-02F055137471}.DebugWithSSL.Build.0 = Debug|Win32
		{3F968544-3D37-446C-967C-B9426F0F527A}.Release.ActiveCfg = Release|Win32
		{3F968544-3D37-446C-967C-B9426F0F527A}.Release.Build.0 = Release|Win32
		{3F968544-3D37-446C-967C-B9426F0F527A}.Debug.ActiveCfg = Debug|Win32
		{3F968544-3D37-446C-967C-B9426F0F527A}.Debug.Build.0 = Debug|Win32
		{3F968544-3D37-446C-967C-B9426F0F527A}.ReleaseDLL.ActiveCfg = ReleaseDLL|Win32
		{3F968544-3D37-446C-967C-B9426F0F527A}.ReleaseDLL.Build.0 = ReleaseDLL|Win32
		{3F968544-3D37-446C-967C-B9426F0F527A}.DebugDLL.ActiveCfg = DebugDLL|Win32
		{3F968544-3D37-446C-967C-B9426F0F527A}.DebugDLL.Build.0 = DebugDLL|Win32
		{3F968544-3D37-446C-967C-B9426F0F527A}.DebugWithSSL.ActiveCfg = Debug|Win32
		{3F968544-3D37-446C-967C-B9426F0F527A}.DebugWithSSL.Build.0 = Debug|Win32
		{98E302A5-A60F-4242-8B7D-EAF3323C6647}.Release.ActiveCfg = Release|Win32
		{98E302A5-A60F-4242-8B7D-EAF3323C6647}.Release.Build.0 = Release|Win32
		{98E302A5-A60F-4242-8B7D-EAF3323C6647}.Debug.ActiveCfg = Debug|Win32
		{98E302A5-A60F-4242-8B7D-EAF3323C6647}.Debug.Build.0 = Debug|Win32
		{98E302A5-A60F-4242-8B7D-EAF3323C6647}.ReleaseDLL.ActiveCfg = ReleaseDLL|Win32
		{98E302A5-A60F-4242-8B7D-EAF3323C6647}.ReleaseDLL.Build.0 = ReleaseDLL|Win32
		{98E302A5-A60F-4242-8B7D-EAF3323C6647}.DebugDLL.ActiveCfg = DebugDLL|Win32
		{98E302A5-A60F-4242-8B7D-EAF3323C6647}.DebugDLL.Build.0 = DebugDLL|Win32
		{98E302A5-A60F-4242-8B7D-EAF3323C6647}.DebugWithSSL.ActiveCfg = Debug|Win32
		{98E302A5-A60F-4242-8B7D-EAF3323C6647}.DebugWithSSL.Build.0 = Debug|Win32
	EndGlobalSection
	GlobalSection(ExtensibilityGlobals) = postSolution
	EndGlobalSection
	GlobalSection(ExtensibilityAddIns) = postSolution
	EndGlobalSection
EndGlobal
