<?xml version="1.0" encoding="utf-8"?>
<Project ToolsVersion="4.0" xmlns="http://schemas.microsoft.com/developer/msbuild/2003">
  <ItemGroup>
    <Filter Include="소스 파일">
      <UniqueIdentifier>{992D7FCB-E7D0-4837-A0CB-D5089573FD5C}</UniqueIdentifier>
      <Extensions>cpp;c;cc;cxx;c++;cppm;ixx;def;odl;idl;hpj;bat;asm;asmx</Extensions>
    </Filter>
    <Filter Include="헤더 파일">
      <UniqueIdentifier>{DAF49FFA-45B7-4670-BBD9-DE71CE8E7938}</UniqueIdentifier>
      <Extensions>h;hh;hpp;hxx;h++;hm;inl;inc;ipp;xsd</Extensions>
    </Filter>
    <Filter Include="리소스 파일">
      <UniqueIdentifier>{1598346A-77B4-42C1-AD2F-12392385A1F2}</UniqueIdentifier>
      <Extensions>rc;ico;cur;bmp;dlg;rc2;rct;bin;rgs;gif;jpg;jpeg;jpe;resx;tiff;tif;png;wav;mfcribbon-ms</Extensions>
    </Filter>
  </ItemGroup>
  <ItemGroup>
    <ClCompile Include="..\..\dz1_web_socket_test.c">
      <Filter>소스 파일</Filter>
    </ClCompile>
    <ClCompile Include="..\..\dz1_web_socket_test_task.c">
      <Filter>소스 파일</Filter>
    </ClCompile>
    <ClCompile Include="..\..\dz1_web_socket_test_task_def.c">
      <Filter>소스 파일</Filter>
    </ClCompile>
  </ItemGroup>
  <ItemGroup>
    <ClInclude Include="..\..\dz1_web_socket_test_task.h">
      <Filter>헤더 파일</Filter>
    </ClInclude>
    <ClInclude Include="..\..\dz1_web_socket_test_task_def.h">
      <Filter>헤더 파일</Filter>
    </ClInclude>
  </ItemGroup>
  <ItemGroup>
    <CustomBuild Include="..\..\dz1_web_socket_test_task_def.tdc">
      <Filter>헤더 파일</Filter>
    </CustomBuild>
  </ItemGroup>
</Project>